// !$*UTF8*$!
{
	archiveVersion = 1;
	classes = {
	};
	objectVersion = 46;
	objects = {

/* Begin PBXBuildFile section */
		0B15752DB11F71D75FA09D73 /* GetParams.m in Sources */ = {isa = PBXBuildFile; fileRef = 3DCA0F090D33C3AA65E6CD85 /* GetParams.m */; };
		0EB10DB1AFE4B588DB646B45 /* ResumeDownload.m in Sources */ = {isa = PBXBuildFile; fileRef = 07C297ABA084F07C5A9234F9 /* ResumeDownload.m */; };
		283DCCC9EC11549147D11749 /* Init.m in Sources */ = {isa = PBXBuildFile; fileRef = EB5E73174F95F0C6DAD19FB2 /* Init.m */; };
		3DA1A950E192E2A8F8C39AC6 /* GeneralCases.m in Sources */ = {isa = PBXBuildFile; fileRef = F2687B50E0611F5C10B21D87 /* GeneralCases.m */; };
		480F941BD7F3436417357723 /* PlainImage.m in Sources */ = {isa = PBXBuildFile; fileRef = 80346622ED8B19AD7F54FA09 /* PlainImage.m */; };
		4D1F85A4EBCB7808D9214929 /* SetCacheEnabled.m in Sources */ = {isa = PBXBuildFile; fileRef = 5D0B4DB193E02534FCF485C4 /* SetCacheEnabled.m */; };
		50C53FFE5E9758018274941E /* StopAd.m in Sources */ = {isa = PBXBuildFile; fileRef = 49EE89A0AD19562AC831A719 /* StopAd.m */; };
		50CAE6D77847D6087CA7B927 /* IsCacheEnabled.m in Sources */ = {isa = PBXBuildFile; fileRef = 1146B787B0A4174A8EBFA1E1 /* IsCacheEnabled.m */; };
		599E368272E0813502D648D0 /* SetLogLevel.m in Sources */ = {isa = PBXBuildFile; fileRef = 47C92EEDB8634DBC0AB9A685 /* SetLogLevel.m */; };
		6A3CC5102BAE6A17F563ED51 /* libPods-Tests.a in Frameworks */ = {isa = PBXBuildFile; fileRef = 1C46205DD0F98E9B67CB697A /* libPods-Tests.a */; };
		6B6FAF1A10136E96FB8EB50D /* SetCBT.m in Sources */ = {isa = PBXBuildFile; fileRef = 28BEC1893722564C7DBE5219 /* SetCBT.m */; };
		6CB7DDEABA659C83E674189C /* ShowAdStreaming.m in Sources */ = {isa = PBXBuildFile; fileRef = DB2F7A53417D53699DD69D74 /* ShowAdStreaming.m */; };
		75947FE6D37FAA6D7CA69B78 /* GetDownloadPercentage.m in Sources */ = {isa = PBXBuildFile; fileRef = 7BE3973B51859E14381ED826 /* GetDownloadPercentage.m */; };
		8417936DAD1BF7524DEAF2A5 /* ModParams.m in Sources */ = {isa = PBXBuildFile; fileRef = 5CF120A0121E980D9A20EEC0 /* ModParams.m */; };
		896503C6F8FCE2227B66BE54 /* Foundation.framework in Frameworks */ = {isa = PBXBuildFile; fileRef = 9A6EC13678357C9B9691D8CD /* Foundation.framework */; };
		8C258525D12D7A9C5B4AF9EE /* HandleEvent.m in Sources */ = {isa = PBXBuildFile; fileRef = F8CB24F6AFD272207B205C8B /* HandleEvent.m */; };
		8D3DDBF61A5BF000006203E8 /* Foundation.framework in Frameworks */ = {isa = PBXBuildFile; fileRef = 8D3DDBF51A5BF000006203E8 /* Foundation.framework */; };
		8D3DDBF81A5BF000006203E8 /* CoreGraphics.framework in Frameworks */ = {isa = PBXBuildFile; fileRef = 8D3DDBF71A5BF000006203E8 /* CoreGraphics.framework */; };
		8D3DDBFA1A5BF000006203E8 /* UIKit.framework in Frameworks */ = {isa = PBXBuildFile; fileRef = 8D3DDBF91A5BF000006203E8 /* UIKit.framework */; };
		8D3DDC021A5BF000006203E8 /* main.m in Sources */ = {isa = PBXBuildFile; fileRef = 8D3DDC011A5BF000006203E8 /* main.m */; };
		8D3DDC081A5BF000006203E8 /* Images.xcassets in Resources */ = {isa = PBXBuildFile; fileRef = 8D3DDC071A5BF000006203E8 /* Images.xcassets */; };
		8D3DDC3E1A5BF7EA006203E8 /* YuMeAboutViewController.m in Sources */ = {isa = PBXBuildFile; fileRef = 8D3DDC251A5BF7EA006203E8 /* YuMeAboutViewController.m */; };
		8D3DDC3F1A5BF7EA006203E8 /* YuMeAppDelegate.m in Sources */ = {isa = PBXBuildFile; fileRef = 8D3DDC291A5BF7EA006203E8 /* YuMeAppDelegate.m */; };
		8D3DDC401A5BF7EA006203E8 /* YuMeAppSettings.m in Sources */ = {isa = PBXBuildFile; fileRef = 8D3DDC2B1A5BF7EA006203E8 /* YuMeAppSettings.m */; };
		8D3DDC411A5BF7EA006203E8 /* YuMeAppUtils.m in Sources */ = {isa = PBXBuildFile; fileRef = 8D3DDC2D1A5BF7EA006203E8 /* YuMeAppUtils.m */; };
		8D3DDC421A5BF7EA006203E8 /* YuMeInterface.m in Sources */ = {isa = PBXBuildFile; fileRef = 8D3DDC2F1A5BF7EA006203E8 /* YuMeInterface.m */; };
		8D3DDC431A5BF7EA006203E8 /* YuMeLogViewController.m in Sources */ = {isa = PBXBuildFile; fileRef = 8D3DDC311A5BF7EA006203E8 /* YuMeLogViewController.m */; };
		8D3DDC441A5BF7EA006203E8 /* YuMeMPlayerController.m in Sources */ = {isa = PBXBuildFile; fileRef = 8D3DDC331A5BF7EA006203E8 /* YuMeMPlayerController.m */; };
		8D3DDC451A5BF7EA006203E8 /* YuMeSettingsViewController.m in Sources */ = {isa = PBXBuildFile; fileRef = 8D3DDC351A5BF7EA006203E8 /* YuMeSettingsViewController.m */; };
		8D3DDC461A5BF7EA006203E8 /* YuMeSizeViewController.m in Sources */ = {isa = PBXBuildFile; fileRef = 8D3DDC371A5BF7EA006203E8 /* YuMeSizeViewController.m */; };
		8D3DDC471A5BF7EA006203E8 /* YuMeToast.m in Sources */ = {isa = PBXBuildFile; fileRef = 8D3DDC391A5BF7EA006203E8 /* YuMeToast.m */; };
		8D3DDC481A5BF7EA006203E8 /* YuMeVideoView.m in Sources */ = {isa = PBXBuildFile; fileRef = 8D3DDC3B1A5BF7EA006203E8 /* YuMeVideoView.m */; };
		8D3DDC491A5BF7EA006203E8 /* YuMeViewController.m in Sources */ = {isa = PBXBuildFile; fileRef = 8D3DDC3D1A5BF7EA006203E8 /* YuMeViewController.m */; };
		8D3DDC5C1A5BF8BC006203E8 /* Default-568h@2x.png in Resources */ = {isa = PBXBuildFile; fileRef = 8D3DDC531A5BF8BC006203E8 /* Default-568h@2x.png */; };
		8D3DDC5D1A5BF8BC006203E8 /* Default.png in Resources */ = {isa = PBXBuildFile; fileRef = 8D3DDC541A5BF8BC006203E8 /* Default.png */; };
		8D3DDC5E1A5BF8BC006203E8 /* Default@2x.png in Resources */ = {isa = PBXBuildFile; fileRef = 8D3DDC551A5BF8BC006203E8 /* Default@2x.png */; };
		8D3DDC5F1A5BF8BC006203E8 /* icon_57x57.png in Resources */ = {isa = PBXBuildFile; fileRef = 8D3DDC561A5BF8BC006203E8 /* icon_57x57.png */; };
		8D3DDC601A5BF8BC006203E8 /* icon.png in Resources */ = {isa = PBXBuildFile; fileRef = 8D3DDC571A5BF8BC006203E8 /* icon.png */; };
		8D3DDC611A5BF8BC006203E8 /* info.png in Resources */ = {isa = PBXBuildFile; fileRef = 8D3DDC581A5BF8BC006203E8 /* info.png */; };
		8D3DDC621A5BF8BC006203E8 /* one.m4v in Resources */ = {isa = PBXBuildFile; fileRef = 8D3DDC591A5BF8BC006203E8 /* one.m4v */; };
		8D3DDC631A5BF8BC006203E8 /* two.m4v in Resources */ = {isa = PBXBuildFile; fileRef = 8D3DDC5A1A5BF8BC006203E8 /* two.m4v */; };
		8D3DDC641A5BF8BC006203E8 /* yume_logo.png in Resources */ = {isa = PBXBuildFile; fileRef = 8D3DDC5B1A5BF8BC006203E8 /* yume_logo.png */; };
		8D3DDC671A5BF9A9006203E8 /* EventKit.framework in Frameworks */ = {isa = PBXBuildFile; fileRef = 8D3DDC651A5BF9A9006203E8 /* EventKit.framework */; settings = {ATTRIBUTES = (Required, ); }; };
		8D3DDC681A5BF9A9006203E8 /* EventKitUI.framework in Frameworks */ = {isa = PBXBuildFile; fileRef = 8D3DDC661A5BF9A9006203E8 /* EventKitUI.framework */; settings = {ATTRIBUTES = (Required, ); }; };
		8D3DDC6A1A5BF9D2006203E8 /* SystemConfiguration.framework in Frameworks */ = {isa = PBXBuildFile; fileRef = 8D3DDC691A5BF9D1006203E8 /* SystemConfiguration.framework */; };
		8D3DDC6C1A5BF9DD006203E8 /* MobileCoreServices.framework in Frameworks */ = {isa = PBXBuildFile; fileRef = 8D3DDC6B1A5BF9DD006203E8 /* MobileCoreServices.framework */; };
		8D3DDC731A5BFC3D006203E8 /* libical.a in Frameworks */ = {isa = PBXBuildFile; fileRef = 8D3DDC6F1A5BFC3D006203E8 /* libical.a */; };
		8D3DDC741A5BFC3D006203E8 /* libYuMeSDK.a in Frameworks */ = {isa = PBXBuildFile; fileRef = 8D3DDC701A5BFC3D006203E8 /* libYuMeSDK.a */; };
		8D50B0DB1A5CF997006BCA88 /* Main_iPad.storyboard in Resources */ = {isa = PBXBuildFile; fileRef = 8D50B0D51A5CF86C006BCA88 /* Main_iPad.storyboard */; };
		8D50B0DC1A5CF997006BCA88 /* Main_iPhone.storyboard in Resources */ = {isa = PBXBuildFile; fileRef = 8D50B0D71A5CF86C006BCA88 /* Main_iPhone.storyboard */; };
		8D50B0DD1A5CF9C5006BCA88 /* InfoPlist.strings in Resources */ = {isa = PBXBuildFile; fileRef = 8D3DDBFE1A5BF000006203E8 /* InfoPlist.strings */; };
		8D92AAB11A9E09F900A58E28 /* YuMePresentedViewController.m in Sources */ = {isa = PBXBuildFile; fileRef = 8D92AAB01A9E09F900A58E28 /* YuMePresentedViewController.m */; };
		8E49D6F31AD57B8600115222 /* Main_iPad.storyboard in Resources */ = {isa = PBXBuildFile; fileRef = 8D50B0D51A5CF86C006BCA88 /* Main_iPad.storyboard */; };
		8E49D6F41AD57B8900115222 /* Main_iPhone.storyboard in Resources */ = {isa = PBXBuildFile; fileRef = 8D50B0D71A5CF86C006BCA88 /* Main_iPhone.storyboard */; };
		8E734BA31B67496B0072D9AA /* EventKit.framework in Frameworks */ = {isa = PBXBuildFile; fileRef = 8D3DDC651A5BF9A9006203E8 /* EventKit.framework */; };
		8E734BA41B67496B0072D9AA /* EventKitUI.framework in Frameworks */ = {isa = PBXBuildFile; fileRef = 8D3DDC661A5BF9A9006203E8 /* EventKitUI.framework */; };
		8E734BA51B67497E0072D9AA /* UIKit.framework in Frameworks */ = {isa = PBXBuildFile; fileRef = 8D3DDBF91A5BF000006203E8 /* UIKit.framework */; };
		8E734BA61B6749880072D9AA /* CoreGraphics.framework in Frameworks */ = {isa = PBXBuildFile; fileRef = 8D3DDBF71A5BF000006203E8 /* CoreGraphics.framework */; };
		8E734BA71B6749A50072D9AA /* SystemConfiguration.framework in Frameworks */ = {isa = PBXBuildFile; fileRef = 8D3DDC691A5BF9D1006203E8 /* SystemConfiguration.framework */; };
		8E734BA81B6749AD0072D9AA /* MobileCoreServices.framework in Frameworks */ = {isa = PBXBuildFile; fileRef = 8D3DDC6B1A5BF9DD006203E8 /* MobileCoreServices.framework */; };
		8E734BA91B6749B90072D9AA /* Foundation.framework in Frameworks */ = {isa = PBXBuildFile; fileRef = 8D3DDBF51A5BF000006203E8 /* Foundation.framework */; };
		8E7D6D491B32903D00BA7A25 /* ShowAd.m in Sources */ = {isa = PBXBuildFile; fileRef = 8E7D6D481B32903D00BA7A25 /* ShowAd.m */; };
		8E8006C11B304AD100221BDB /* XCTAsyncTestCase.m in Sources */ = {isa = PBXBuildFile; fileRef = 8E8006BE1B304AD100221BDB /* XCTAsyncTestCase.m */; };
		8E8006C21B304AD100221BDB /* XCTAsyncTestCase.podspec in Resources */ = {isa = PBXBuildFile; fileRef = 8E8006BF1B304AD100221BDB /* XCTAsyncTestCase.podspec */; };
		8E8006C31B304AD100221BDB /* xctestify.sh in Resources */ = {isa = PBXBuildFile; fileRef = 8E8006C01B304AD100221BDB /* xctestify.sh */; };
		8E8006C71B304B3200221BDB /* Init.m in Sources */ = {isa = PBXBuildFile; fileRef = 8E8006C41B304B3200221BDB /* Init.m */; };
		8E8006C81B304B3200221BDB /* YuMeUnitTestUtils.m in Sources */ = {isa = PBXBuildFile; fileRef = 8E8006C61B304B3200221BDB /* YuMeUnitTestUtils.m */; };
		8E8006C91B304B5800221BDB /* libical.a in Frameworks */ = {isa = PBXBuildFile; fileRef = 8D3DDC6F1A5BFC3D006203E8 /* libical.a */; };
		8E8006CA1B304B5A00221BDB /* libYuMeSDK.a in Frameworks */ = {isa = PBXBuildFile; fileRef = 8D3DDC701A5BFC3D006203E8 /* libYuMeSDK.a */; };
		8EAD3C3E1B15D8E800C23C94 /* Default-568h@2x.png in Resources */ = {isa = PBXBuildFile; fileRef = 8D3DDC531A5BF8BC006203E8 /* Default-568h@2x.png */; };
		8EAD3C3F1B15D8E800C23C94 /* Default.png in Resources */ = {isa = PBXBuildFile; fileRef = 8D3DDC541A5BF8BC006203E8 /* Default.png */; };
		8EAD3C401B15D8E800C23C94 /* Default@2x.png in Resources */ = {isa = PBXBuildFile; fileRef = 8D3DDC551A5BF8BC006203E8 /* Default@2x.png */; };
		8EAD3C411B15D8E800C23C94 /* icon_57x57.png in Resources */ = {isa = PBXBuildFile; fileRef = 8D3DDC561A5BF8BC006203E8 /* icon_57x57.png */; };
		8EAD3C421B15D8E800C23C94 /* icon.png in Resources */ = {isa = PBXBuildFile; fileRef = 8D3DDC571A5BF8BC006203E8 /* icon.png */; };
		8EAD3C431B15D8E800C23C94 /* info.png in Resources */ = {isa = PBXBuildFile; fileRef = 8D3DDC581A5BF8BC006203E8 /* info.png */; };
		8EAD3C441B15D8E800C23C94 /* one.m4v in Resources */ = {isa = PBXBuildFile; fileRef = 8D3DDC591A5BF8BC006203E8 /* one.m4v */; };
		8EAD3C451B15D8E800C23C94 /* two.m4v in Resources */ = {isa = PBXBuildFile; fileRef = 8D3DDC5A1A5BF8BC006203E8 /* two.m4v */; };
		8EAD3C461B15D8E800C23C94 /* yume_logo.png in Resources */ = {isa = PBXBuildFile; fileRef = 8D3DDC5B1A5BF8BC006203E8 /* yume_logo.png */; };
		8EFC665B1ACBC32300605328 /* YuMeAboutViewController.m in Sources */ = {isa = PBXBuildFile; fileRef = 8D3DDC251A5BF7EA006203E8 /* YuMeAboutViewController.m */; };
		8EFC665C1ACBC32300605328 /* YuMeAppDelegate.m in Sources */ = {isa = PBXBuildFile; fileRef = 8D3DDC291A5BF7EA006203E8 /* YuMeAppDelegate.m */; };
		8EFC665D1ACBC32300605328 /* YuMeAppSettings.m in Sources */ = {isa = PBXBuildFile; fileRef = 8D3DDC2B1A5BF7EA006203E8 /* YuMeAppSettings.m */; };
		8EFC665E1ACBC32300605328 /* YuMeAppUtils.m in Sources */ = {isa = PBXBuildFile; fileRef = 8D3DDC2D1A5BF7EA006203E8 /* YuMeAppUtils.m */; };
		8EFC665F1ACBC32300605328 /* YuMeInterface.m in Sources */ = {isa = PBXBuildFile; fileRef = 8D3DDC2F1A5BF7EA006203E8 /* YuMeInterface.m */; };
		8EFC66601ACBC32300605328 /* YuMeLogViewController.m in Sources */ = {isa = PBXBuildFile; fileRef = 8D3DDC311A5BF7EA006203E8 /* YuMeLogViewController.m */; };
		8EFC66611ACBC32300605328 /* YuMeMPlayerController.m in Sources */ = {isa = PBXBuildFile; fileRef = 8D3DDC331A5BF7EA006203E8 /* YuMeMPlayerController.m */; };
		8EFC66621ACBC32300605328 /* YuMeSettingsViewController.m in Sources */ = {isa = PBXBuildFile; fileRef = 8D3DDC351A5BF7EA006203E8 /* YuMeSettingsViewController.m */; };
		8EFC66631ACBC32300605328 /* YuMeSizeViewController.m in Sources */ = {isa = PBXBuildFile; fileRef = 8D3DDC371A5BF7EA006203E8 /* YuMeSizeViewController.m */; };
		8EFC66641ACBC32300605328 /* YuMeToast.m in Sources */ = {isa = PBXBuildFile; fileRef = 8D3DDC391A5BF7EA006203E8 /* YuMeToast.m */; };
		8EFC66651ACBC32300605328 /* YuMeVideoView.m in Sources */ = {isa = PBXBuildFile; fileRef = 8D3DDC3B1A5BF7EA006203E8 /* YuMeVideoView.m */; };
		8EFC66661ACBC32300605328 /* YuMeViewController.m in Sources */ = {isa = PBXBuildFile; fileRef = 8D3DDC3D1A5BF7EA006203E8 /* YuMeViewController.m */; };
		8EFC66671ACBC32300605328 /* YuMePresentedViewController.m in Sources */ = {isa = PBXBuildFile; fileRef = 8D92AAB01A9E09F900A58E28 /* YuMePresentedViewController.m */; };
		8EFC666E1ACBCCDA00605328 /* YuMeUnitTestUtils.m in Sources */ = {isa = PBXBuildFile; fileRef = 8EFC666D1ACBCCDA00605328 /* YuMeUnitTestUtils.m */; };
		8EFC66701ACBD00900605328 /* libYuMeSDK.a in Frameworks */ = {isa = PBXBuildFile; fileRef = 8D3DDC701A5BFC3D006203E8 /* libYuMeSDK.a */; };
		8EFC66711ACBD00C00605328 /* libical.a in Frameworks */ = {isa = PBXBuildFile; fileRef = 8D3DDC6F1A5BFC3D006203E8 /* libical.a */; };
		8EFC66721ACBD02600605328 /* YuMeUnitTestUtils.m in Sources */ = {isa = PBXBuildFile; fileRef = 8EFC666D1ACBCCDA00605328 /* YuMeUnitTestUtils.m */; };
		97292C6563BA7B0BB1FCE0B8 /* PlainVideo.m in Sources */ = {isa = PBXBuildFile; fileRef = C473304725FA0EA449EA2B28 /* PlainVideo.m */; };
		99FC6C1E1A60A7FC66408361 /* ClearCache.m in Sources */ = {isa = PBXBuildFile; fileRef = 7794E5950C91C16F32460090 /* ClearCache.m */; };
		9FB59FD05D182F094F833E08 /* DeInit.m in Sources */ = {isa = PBXBuildFile; fileRef = 873C8F5889BC5F583035E4F8 /* DeInit.m */; };
		9FC417BDD7D6D7F14FC5ACBE /* ShowAd.m in Sources */ = {isa = PBXBuildFile; fileRef = F9DE50945E71E6C7D829503B /* ShowAd.m */; };
		A20FE9AAA2C5DD011F7C5027 /* HLS.m in Sources */ = {isa = PBXBuildFile; fileRef = 99895FDF4B97A4B2218212F4 /* HLS.m */; };
		AE55C7B5DD5AC8A3E846E622 /* IsAutoPFEnabled.m in Sources */ = {isa = PBXBuildFile; fileRef = F28B127AFF826D5FA78F15A2 /* IsAutoPFEnabled.m */; };
		B38BB6AE415401C595ED7B8B /* AdCoverage.m in Sources */ = {isa = PBXBuildFile; fileRef = FC3505F83EB99E4268C2787F /* AdCoverage.m */; };
		B8627BD31BC49E4B731BC867 /* InitAd.m in Sources */ = {isa = PBXBuildFile; fileRef = 025BD7753CFE34CB51EE16E4 /* InitAd.m */; };
		B9DFD64A5346607BC2F7433C /* main.m in Sources */ = {isa = PBXBuildFile; fileRef = E9272240DA4A2688038B4E35 /* main.m */; };
		CC342ED6AB767696740BA260 /* GetDownloadStatus.m in Sources */ = {isa = PBXBuildFile; fileRef = 2F00E54FC1E8BA15D317E152 /* GetDownloadStatus.m */; };
		CD9B0019E68DFF812DA71313 /* PauseDownload.m in Sources */ = {isa = PBXBuildFile; fileRef = A98A635F8E405135F8ED6CDE /* PauseDownload.m */; };
		D00AFBC602C28D611FE3980E /* AbortDownload.m in Sources */ = {isa = PBXBuildFile; fileRef = 40AA89039384FA604A565E5C /* AbortDownload.m */; };
		D122FEBE405B772E9F69038B /* IsAdAvailability.m in Sources */ = {isa = PBXBuildFile; fileRef = 7AB068667DF16262EBFC2249 /* IsAdAvailability.m */; };
		D19ADCECE4D6E5A6A0FA527A /* FeatureTests.m in Sources */ = {isa = PBXBuildFile; fileRef = 67F03554CDD7B38C33763FFD /* FeatureTests.m */; };
		E00827EFD30CB215544AD564 /* GetVersion.m in Sources */ = {isa = PBXBuildFile; fileRef = EBA924B3BD48188459E6444C /* GetVersion.m */; };
		EF313BDBB96B650713A8EC9E /* ErrorVAST.m in Sources */ = {isa = PBXBuildFile; fileRef = 393203FD756ECDCEEF67CDF9 /* ErrorVAST.m */; };
		FF7A7F1FBB17721057A1489D /* ClearCookies.m in Sources */ = {isa = PBXBuildFile; fileRef = 3C2CBB6566C147A2D89D949A /* ClearCookies.m */; };
/* End PBXBuildFile section */

/* Begin PBXContainerItemProxy section */
		829F09EAD49AE3E6B59E3FC9 /* PBXContainerItemProxy */ = {
			isa = PBXContainerItemProxy;
			containerPortal = 8D3DDBEA1A5BF000006203E8 /* Project object */;
			proxyType = 1;
			remoteGlobalIDString = 8D3DDBF11A5BF000006203E8;
			remoteInfo = YuMeZISTestApp;
		};
		8E8006B81B304A7000221BDB /* PBXContainerItemProxy */ = {
			isa = PBXContainerItemProxy;
			containerPortal = 8D3DDBEA1A5BF000006203E8 /* Project object */;
			proxyType = 1;
			remoteGlobalIDString = 8D3DDBF11A5BF000006203E8;
			remoteInfo = YuMeZISTestApp;
		};
/* End PBXContainerItemProxy section */

/* Begin PBXFileReference section */
		025BD7753CFE34CB51EE16E4 /* InitAd.m */ = {isa = PBXFileReference; includeInIndex = 1; lastKnownFileType = sourcecode.c.objc; name = InitAd.m; path = Tests/InitAd.m; sourceTree = "<group>"; };
		042116F9FB519C7517B3C5FE /* Tests.app */ = {isa = PBXFileReference; explicitFileType = wrapper.application; includeInIndex = 0; path = Tests.app; sourceTree = BUILT_PRODUCTS_DIR; };
		07C297ABA084F07C5A9234F9 /* ResumeDownload.m */ = {isa = PBXFileReference; includeInIndex = 1; lastKnownFileType = sourcecode.c.objc; name = ResumeDownload.m; path = Tests/ResumeDownload.m; sourceTree = "<group>"; };
		1146B787B0A4174A8EBFA1E1 /* IsCacheEnabled.m */ = {isa = PBXFileReference; includeInIndex = 1; lastKnownFileType = sourcecode.c.objc; name = IsCacheEnabled.m; path = Tests/IsCacheEnabled.m; sourceTree = "<group>"; };
		1BF5DAB1A57ECDA5DCA595FB /* Pods-Tests.release.xcconfig */ = {isa = PBXFileReference; includeInIndex = 1; lastKnownFileType = text.xcconfig; name = "Pods-Tests.release.xcconfig"; path = "Pods/Target Support Files/Pods-Tests/Pods-Tests.release.xcconfig"; sourceTree = "<group>"; };
		1C46205DD0F98E9B67CB697A /* libPods-Tests.a */ = {isa = PBXFileReference; explicitFileType = archive.ar; includeInIndex = 0; path = "libPods-Tests.a"; sourceTree = BUILT_PRODUCTS_DIR; };
		28BEC1893722564C7DBE5219 /* SetCBT.m */ = {isa = PBXFileReference; includeInIndex = 1; lastKnownFileType = sourcecode.c.objc; name = SetCBT.m; path = Tests/SetCBT.m; sourceTree = "<group>"; };
		2F00E54FC1E8BA15D317E152 /* GetDownloadStatus.m */ = {isa = PBXFileReference; includeInIndex = 1; lastKnownFileType = sourcecode.c.objc; name = GetDownloadStatus.m; path = Tests/GetDownloadStatus.m; sourceTree = "<group>"; };
		393203FD756ECDCEEF67CDF9 /* ErrorVAST.m */ = {isa = PBXFileReference; includeInIndex = 1; lastKnownFileType = sourcecode.c.objc; name = ErrorVAST.m; path = Tests/ErrorVAST.m; sourceTree = "<group>"; };
		3C2CBB6566C147A2D89D949A /* ClearCookies.m */ = {isa = PBXFileReference; includeInIndex = 1; lastKnownFileType = sourcecode.c.objc; name = ClearCookies.m; path = Tests/ClearCookies.m; sourceTree = "<group>"; };
		3DCA0F090D33C3AA65E6CD85 /* GetParams.m */ = {isa = PBXFileReference; includeInIndex = 1; lastKnownFileType = sourcecode.c.objc; name = GetParams.m; path = Tests/GetParams.m; sourceTree = "<group>"; };
		40AA89039384FA604A565E5C /* AbortDownload.m */ = {isa = PBXFileReference; includeInIndex = 1; lastKnownFileType = sourcecode.c.objc; name = AbortDownload.m; path = Tests/AbortDownload.m; sourceTree = "<group>"; };
		47C92EEDB8634DBC0AB9A685 /* SetLogLevel.m */ = {isa = PBXFileReference; includeInIndex = 1; lastKnownFileType = sourcecode.c.objc; name = SetLogLevel.m; path = Tests/SetLogLevel.m; sourceTree = "<group>"; };
		49EE89A0AD19562AC831A719 /* StopAd.m */ = {isa = PBXFileReference; includeInIndex = 1; lastKnownFileType = sourcecode.c.objc; name = StopAd.m; path = Tests/StopAd.m; sourceTree = "<group>"; };
		5CF120A0121E980D9A20EEC0 /* ModParams.m */ = {isa = PBXFileReference; includeInIndex = 1; lastKnownFileType = sourcecode.c.objc; name = ModParams.m; path = Tests/ModParams.m; sourceTree = "<group>"; };
		5D0B4DB193E02534FCF485C4 /* SetCacheEnabled.m */ = {isa = PBXFileReference; includeInIndex = 1; lastKnownFileType = sourcecode.c.objc; name = SetCacheEnabled.m; path = Tests/SetCacheEnabled.m; sourceTree = "<group>"; };
		67F03554CDD7B38C33763FFD /* FeatureTests.m */ = {isa = PBXFileReference; includeInIndex = 1; lastKnownFileType = sourcecode.c.objc; name = FeatureTests.m; path = Tests/FeatureTests.m; sourceTree = "<group>"; };
		7794E5950C91C16F32460090 /* ClearCache.m */ = {isa = PBXFileReference; includeInIndex = 1; lastKnownFileType = sourcecode.c.objc; name = ClearCache.m; path = Tests/ClearCache.m; sourceTree = "<group>"; };
		7AB068667DF16262EBFC2249 /* IsAdAvailability.m */ = {isa = PBXFileReference; includeInIndex = 1; lastKnownFileType = sourcecode.c.objc; name = IsAdAvailability.m; path = Tests/IsAdAvailability.m; sourceTree = "<group>"; };
		7BE3973B51859E14381ED826 /* GetDownloadPercentage.m */ = {isa = PBXFileReference; includeInIndex = 1; lastKnownFileType = sourcecode.c.objc; name = GetDownloadPercentage.m; path = Tests/GetDownloadPercentage.m; sourceTree = "<group>"; };
		80346622ED8B19AD7F54FA09 /* PlainImage.m */ = {isa = PBXFileReference; includeInIndex = 1; lastKnownFileType = sourcecode.c.objc; name = PlainImage.m; path = Tests/PlainImage.m; sourceTree = "<group>"; };
		873C8F5889BC5F583035E4F8 /* DeInit.m */ = {isa = PBXFileReference; includeInIndex = 1; lastKnownFileType = sourcecode.c.objc; name = DeInit.m; path = Tests/DeInit.m; sourceTree = "<group>"; };
		8D3DDBF21A5BF000006203E8 /* YuMeZISTestApp.app */ = {isa = PBXFileReference; explicitFileType = wrapper.application; includeInIndex = 0; path = YuMeZISTestApp.app; sourceTree = BUILT_PRODUCTS_DIR; };
		8D3DDBF51A5BF000006203E8 /* Foundation.framework */ = {isa = PBXFileReference; lastKnownFileType = wrapper.framework; name = Foundation.framework; path = System/Library/Frameworks/Foundation.framework; sourceTree = SDKROOT; };
		8D3DDBF71A5BF000006203E8 /* CoreGraphics.framework */ = {isa = PBXFileReference; lastKnownFileType = wrapper.framework; name = CoreGraphics.framework; path = System/Library/Frameworks/CoreGraphics.framework; sourceTree = SDKROOT; };
		8D3DDBF91A5BF000006203E8 /* UIKit.framework */ = {isa = PBXFileReference; lastKnownFileType = wrapper.framework; name = UIKit.framework; path = System/Library/Frameworks/UIKit.framework; sourceTree = SDKROOT; };
		8D3DDBFD1A5BF000006203E8 /* YuMeZISTestApp-Info.plist */ = {isa = PBXFileReference; lastKnownFileType = text.plist.xml; path = "YuMeZISTestApp-Info.plist"; sourceTree = "<group>"; };
		8D3DDBFF1A5BF000006203E8 /* en */ = {isa = PBXFileReference; lastKnownFileType = text.plist.strings; name = en; path = en.lproj/InfoPlist.strings; sourceTree = "<group>"; };
		8D3DDC011A5BF000006203E8 /* main.m */ = {isa = PBXFileReference; lastKnownFileType = sourcecode.c.objc; path = main.m; sourceTree = "<group>"; };
		8D3DDC031A5BF000006203E8 /* YuMeZISTestApp-Prefix.pch */ = {isa = PBXFileReference; lastKnownFileType = sourcecode.c.h; path = "YuMeZISTestApp-Prefix.pch"; sourceTree = "<group>"; };
		8D3DDC071A5BF000006203E8 /* Images.xcassets */ = {isa = PBXFileReference; lastKnownFileType = folder.assetcatalog; path = Images.xcassets; sourceTree = "<group>"; };
		8D3DDC241A5BF7EA006203E8 /* YuMeAboutViewController.h */ = {isa = PBXFileReference; fileEncoding = 4; lastKnownFileType = sourcecode.c.h; name = YuMeAboutViewController.h; path = Src/YuMeAboutViewController.h; sourceTree = "<group>"; };
		8D3DDC251A5BF7EA006203E8 /* YuMeAboutViewController.m */ = {isa = PBXFileReference; fileEncoding = 4; lastKnownFileType = sourcecode.c.objc; name = YuMeAboutViewController.m; path = Src/YuMeAboutViewController.m; sourceTree = "<group>"; };
		8D3DDC261A5BF7EA006203E8 /* YuMeAdViewDelegate.h */ = {isa = PBXFileReference; fileEncoding = 4; lastKnownFileType = sourcecode.c.h; name = YuMeAdViewDelegate.h; path = Src/YuMeAdViewDelegate.h; sourceTree = "<group>"; };
		8D3DDC271A5BF7EA006203E8 /* YuMeAppConstants.h */ = {isa = PBXFileReference; fileEncoding = 4; lastKnownFileType = sourcecode.c.h; name = YuMeAppConstants.h; path = Src/YuMeAppConstants.h; sourceTree = "<group>"; };
		8D3DDC281A5BF7EA006203E8 /* YuMeAppDelegate.h */ = {isa = PBXFileReference; fileEncoding = 4; lastKnownFileType = sourcecode.c.h; name = YuMeAppDelegate.h; path = Src/YuMeAppDelegate.h; sourceTree = "<group>"; };
		8D3DDC291A5BF7EA006203E8 /* YuMeAppDelegate.m */ = {isa = PBXFileReference; fileEncoding = 4; lastKnownFileType = sourcecode.c.objc; name = YuMeAppDelegate.m; path = Src/YuMeAppDelegate.m; sourceTree = "<group>"; };
		8D3DDC2A1A5BF7EA006203E8 /* YuMeAppSettings.h */ = {isa = PBXFileReference; fileEncoding = 4; lastKnownFileType = sourcecode.c.h; name = YuMeAppSettings.h; path = Src/YuMeAppSettings.h; sourceTree = "<group>"; };
		8D3DDC2B1A5BF7EA006203E8 /* YuMeAppSettings.m */ = {isa = PBXFileReference; fileEncoding = 4; lastKnownFileType = sourcecode.c.objc; name = YuMeAppSettings.m; path = Src/YuMeAppSettings.m; sourceTree = "<group>"; };
		8D3DDC2C1A5BF7EA006203E8 /* YuMeAppUtils.h */ = {isa = PBXFileReference; fileEncoding = 4; lastKnownFileType = sourcecode.c.h; name = YuMeAppUtils.h; path = Src/YuMeAppUtils.h; sourceTree = "<group>"; };
		8D3DDC2D1A5BF7EA006203E8 /* YuMeAppUtils.m */ = {isa = PBXFileReference; fileEncoding = 4; lastKnownFileType = sourcecode.c.objc; name = YuMeAppUtils.m; path = Src/YuMeAppUtils.m; sourceTree = "<group>"; };
		8D3DDC2E1A5BF7EA006203E8 /* YuMeInterface.h */ = {isa = PBXFileReference; fileEncoding = 4; lastKnownFileType = sourcecode.c.h; name = YuMeInterface.h; path = Src/YuMeInterface.h; sourceTree = "<group>"; };
		8D3DDC2F1A5BF7EA006203E8 /* YuMeInterface.m */ = {isa = PBXFileReference; fileEncoding = 4; lastKnownFileType = sourcecode.c.objc; name = YuMeInterface.m; path = Src/YuMeInterface.m; sourceTree = "<group>"; };
		8D3DDC301A5BF7EA006203E8 /* YuMeLogViewController.h */ = {isa = PBXFileReference; fileEncoding = 4; lastKnownFileType = sourcecode.c.h; name = YuMeLogViewController.h; path = Src/YuMeLogViewController.h; sourceTree = "<group>"; };
		8D3DDC311A5BF7EA006203E8 /* YuMeLogViewController.m */ = {isa = PBXFileReference; fileEncoding = 4; lastKnownFileType = sourcecode.c.objc; name = YuMeLogViewController.m; path = Src/YuMeLogViewController.m; sourceTree = "<group>"; };
		8D3DDC321A5BF7EA006203E8 /* YuMeMPlayerController.h */ = {isa = PBXFileReference; fileEncoding = 4; lastKnownFileType = sourcecode.c.h; name = YuMeMPlayerController.h; path = Src/YuMeMPlayerController.h; sourceTree = "<group>"; };
		8D3DDC331A5BF7EA006203E8 /* YuMeMPlayerController.m */ = {isa = PBXFileReference; fileEncoding = 4; lastKnownFileType = sourcecode.c.objc; name = YuMeMPlayerController.m; path = Src/YuMeMPlayerController.m; sourceTree = "<group>"; };
		8D3DDC341A5BF7EA006203E8 /* YuMeSettingsViewController.h */ = {isa = PBXFileReference; fileEncoding = 4; lastKnownFileType = sourcecode.c.h; name = YuMeSettingsViewController.h; path = Src/YuMeSettingsViewController.h; sourceTree = "<group>"; };
		8D3DDC351A5BF7EA006203E8 /* YuMeSettingsViewController.m */ = {isa = PBXFileReference; fileEncoding = 4; lastKnownFileType = sourcecode.c.objc; name = YuMeSettingsViewController.m; path = Src/YuMeSettingsViewController.m; sourceTree = "<group>"; };
		8D3DDC361A5BF7EA006203E8 /* YuMeSizeViewController.h */ = {isa = PBXFileReference; fileEncoding = 4; lastKnownFileType = sourcecode.c.h; name = YuMeSizeViewController.h; path = Src/YuMeSizeViewController.h; sourceTree = "<group>"; };
		8D3DDC371A5BF7EA006203E8 /* YuMeSizeViewController.m */ = {isa = PBXFileReference; fileEncoding = 4; lastKnownFileType = sourcecode.c.objc; name = YuMeSizeViewController.m; path = Src/YuMeSizeViewController.m; sourceTree = "<group>"; };
		8D3DDC381A5BF7EA006203E8 /* YuMeToast.h */ = {isa = PBXFileReference; fileEncoding = 4; lastKnownFileType = sourcecode.c.h; name = YuMeToast.h; path = Src/YuMeToast.h; sourceTree = "<group>"; };
		8D3DDC391A5BF7EA006203E8 /* YuMeToast.m */ = {isa = PBXFileReference; fileEncoding = 4; lastKnownFileType = sourcecode.c.objc; name = YuMeToast.m; path = Src/YuMeToast.m; sourceTree = "<group>"; };
		8D3DDC3A1A5BF7EA006203E8 /* YuMeVideoView.h */ = {isa = PBXFileReference; fileEncoding = 4; lastKnownFileType = sourcecode.c.h; name = YuMeVideoView.h; path = Src/YuMeVideoView.h; sourceTree = "<group>"; };
		8D3DDC3B1A5BF7EA006203E8 /* YuMeVideoView.m */ = {isa = PBXFileReference; fileEncoding = 4; lastKnownFileType = sourcecode.c.objc; name = YuMeVideoView.m; path = Src/YuMeVideoView.m; sourceTree = "<group>"; };
		8D3DDC3C1A5BF7EA006203E8 /* YuMeViewController.h */ = {isa = PBXFileReference; fileEncoding = 4; lastKnownFileType = sourcecode.c.h; name = YuMeViewController.h; path = Src/YuMeViewController.h; sourceTree = "<group>"; };
		8D3DDC3D1A5BF7EA006203E8 /* YuMeViewController.m */ = {isa = PBXFileReference; fileEncoding = 4; lastKnownFileType = sourcecode.c.objc; name = YuMeViewController.m; path = Src/YuMeViewController.m; sourceTree = "<group>"; };
		8D3DDC531A5BF8BC006203E8 /* Default-568h@2x.png */ = {isa = PBXFileReference; lastKnownFileType = image.png; name = "Default-568h@2x.png"; path = "Assets/Default-568h@2x.png"; sourceTree = "<group>"; };
		8D3DDC541A5BF8BC006203E8 /* Default.png */ = {isa = PBXFileReference; lastKnownFileType = image.png; name = Default.png; path = Assets/Default.png; sourceTree = "<group>"; };
		8D3DDC551A5BF8BC006203E8 /* Default@2x.png */ = {isa = PBXFileReference; lastKnownFileType = image.png; name = "Default@2x.png"; path = "Assets/Default@2x.png"; sourceTree = "<group>"; };
		8D3DDC561A5BF8BC006203E8 /* icon_57x57.png */ = {isa = PBXFileReference; lastKnownFileType = image.png; name = icon_57x57.png; path = Assets/icon_57x57.png; sourceTree = "<group>"; };
		8D3DDC571A5BF8BC006203E8 /* icon.png */ = {isa = PBXFileReference; lastKnownFileType = image.png; name = icon.png; path = Assets/icon.png; sourceTree = "<group>"; };
		8D3DDC581A5BF8BC006203E8 /* info.png */ = {isa = PBXFileReference; lastKnownFileType = image.png; name = info.png; path = Assets/info.png; sourceTree = "<group>"; };
		8D3DDC591A5BF8BC006203E8 /* one.m4v */ = {isa = PBXFileReference; lastKnownFileType = file; name = one.m4v; path = Assets/one.m4v; sourceTree = "<group>"; };
		8D3DDC5A1A5BF8BC006203E8 /* two.m4v */ = {isa = PBXFileReference; lastKnownFileType = file; name = two.m4v; path = Assets/two.m4v; sourceTree = "<group>"; };
		8D3DDC5B1A5BF8BC006203E8 /* yume_logo.png */ = {isa = PBXFileReference; lastKnownFileType = image.png; name = yume_logo.png; path = Assets/yume_logo.png; sourceTree = "<group>"; };
		8D3DDC651A5BF9A9006203E8 /* EventKit.framework */ = {isa = PBXFileReference; lastKnownFileType = wrapper.framework; name = EventKit.framework; path = System/Library/Frameworks/EventKit.framework; sourceTree = SDKROOT; };
		8D3DDC661A5BF9A9006203E8 /* EventKitUI.framework */ = {isa = PBXFileReference; lastKnownFileType = wrapper.framework; name = EventKitUI.framework; path = System/Library/Frameworks/EventKitUI.framework; sourceTree = SDKROOT; };
		8D3DDC691A5BF9D1006203E8 /* SystemConfiguration.framework */ = {isa = PBXFileReference; lastKnownFileType = wrapper.framework; name = SystemConfiguration.framework; path = System/Library/Frameworks/SystemConfiguration.framework; sourceTree = SDKROOT; };
		8D3DDC6B1A5BF9DD006203E8 /* MobileCoreServices.framework */ = {isa = PBXFileReference; lastKnownFileType = wrapper.framework; name = MobileCoreServices.framework; path = System/Library/Frameworks/MobileCoreServices.framework; sourceTree = SDKROOT; };
		8D3DDC6E1A5BFC3D006203E8 /* ical.h */ = {isa = PBXFileReference; fileEncoding = 4; lastKnownFileType = sourcecode.c.h; path = ical.h; sourceTree = "<group>"; };
		8D3DDC6F1A5BFC3D006203E8 /* libical.a */ = {isa = PBXFileReference; lastKnownFileType = archive.ar; path = libical.a; sourceTree = "<group>"; };
		8D3DDC701A5BFC3D006203E8 /* libYuMeSDK.a */ = {isa = PBXFileReference; lastKnownFileType = archive.ar; path = libYuMeSDK.a; sourceTree = "<group>"; };
		8D3DDC711A5BFC3D006203E8 /* YuMeSDKInterface.h */ = {isa = PBXFileReference; fileEncoding = 4; lastKnownFileType = sourcecode.c.h; path = YuMeSDKInterface.h; sourceTree = "<group>"; };
		8D3DDC721A5BFC3D006203E8 /* YuMeTypes.h */ = {isa = PBXFileReference; fileEncoding = 4; lastKnownFileType = sourcecode.c.h; path = YuMeTypes.h; sourceTree = "<group>"; };
		8D50B0D61A5CF86C006BCA88 /* en */ = {isa = PBXFileReference; lastKnownFileType = file.storyboard; name = en; path = en.lproj/Main_iPad.storyboard; sourceTree = "<group>"; };
		8D50B0D81A5CF86C006BCA88 /* en */ = {isa = PBXFileReference; lastKnownFileType = file.storyboard; name = en; path = en.lproj/Main_iPhone.storyboard; sourceTree = "<group>"; };
		8D92AAAF1A9E09F900A58E28 /* YuMePresentedViewController.h */ = {isa = PBXFileReference; fileEncoding = 4; lastKnownFileType = sourcecode.c.h; name = YuMePresentedViewController.h; path = Src/YuMePresentedViewController.h; sourceTree = "<group>"; };
		8D92AAB01A9E09F900A58E28 /* YuMePresentedViewController.m */ = {isa = PBXFileReference; fileEncoding = 4; lastKnownFileType = sourcecode.c.objc; name = YuMePresentedViewController.m; path = Src/YuMePresentedViewController.m; sourceTree = "<group>"; };
		8E7D6D481B32903D00BA7A25 /* ShowAd.m */ = {isa = PBXFileReference; fileEncoding = 4; lastKnownFileType = sourcecode.c.objc; path = ShowAd.m; sourceTree = "<group>"; };
		8E8006B21B304A7000221BDB /* YuMeZISTests.xctest */ = {isa = PBXFileReference; explicitFileType = wrapper.cfbundle; includeInIndex = 0; path = YuMeZISTests.xctest; sourceTree = BUILT_PRODUCTS_DIR; };
		8E8006B51B304A7000221BDB /* Info.plist */ = {isa = PBXFileReference; lastKnownFileType = text.plist.xml; path = Info.plist; sourceTree = "<group>"; };
		8E8006BD1B304AD100221BDB /* XCTAsyncTestCase.h */ = {isa = PBXFileReference; fileEncoding = 4; lastKnownFileType = sourcecode.c.h; path = XCTAsyncTestCase.h; sourceTree = "<group>"; };
		8E8006BE1B304AD100221BDB /* XCTAsyncTestCase.m */ = {isa = PBXFileReference; fileEncoding = 4; lastKnownFileType = sourcecode.c.objc; path = XCTAsyncTestCase.m; sourceTree = "<group>"; };
		8E8006BF1B304AD100221BDB /* XCTAsyncTestCase.podspec */ = {isa = PBXFileReference; fileEncoding = 4; lastKnownFileType = text; path = XCTAsyncTestCase.podspec; sourceTree = "<group>"; };
		8E8006C01B304AD100221BDB /* xctestify.sh */ = {isa = PBXFileReference; fileEncoding = 4; lastKnownFileType = text.script.sh; path = xctestify.sh; sourceTree = "<group>"; };
		8E8006C41B304B3200221BDB /* Init.m */ = {isa = PBXFileReference; fileEncoding = 4; lastKnownFileType = sourcecode.c.objc; path = Init.m; sourceTree = "<group>"; };
		8E8006C51B304B3200221BDB /* YuMeUnitTestUtils.h */ = {isa = PBXFileReference; fileEncoding = 4; lastKnownFileType = sourcecode.c.h; path = YuMeUnitTestUtils.h; sourceTree = "<group>"; };
		8E8006C61B304B3200221BDB /* YuMeUnitTestUtils.m */ = {isa = PBXFileReference; fileEncoding = 4; lastKnownFileType = sourcecode.c.objc; path = YuMeUnitTestUtils.m; sourceTree = "<group>"; };
		8E9733031B26F07B006EF8BC /* SenTestingKit.framework */ = {isa = PBXFileReference; lastKnownFileType = wrapper.framework; name = SenTestingKit.framework; path = Library/Frameworks/SenTestingKit.framework; sourceTree = DEVELOPER_DIR; };
		8EFC666C1ACBCCDA00605328 /* YuMeUnitTestUtils.h */ = {isa = PBXFileReference; fileEncoding = 4; lastKnownFileType = sourcecode.c.h; name = YuMeUnitTestUtils.h; path = Tests/YuMeUnitTestUtils.h; sourceTree = "<group>"; };
		8EFC666D1ACBCCDA00605328 /* YuMeUnitTestUtils.m */ = {isa = PBXFileReference; fileEncoding = 4; lastKnownFileType = sourcecode.c.objc; name = YuMeUnitTestUtils.m; path = Tests/YuMeUnitTestUtils.m; sourceTree = "<group>"; };
		99895FDF4B97A4B2218212F4 /* HLS.m */ = {isa = PBXFileReference; includeInIndex = 1; lastKnownFileType = sourcecode.c.objc; name = HLS.m; path = Tests/HLS.m; sourceTree = "<group>"; };
		9A6EC13678357C9B9691D8CD /* Foundation.framework */ = {isa = PBXFileReference; lastKnownFileType = wrapper.framework; name = Foundation.framework; path = Platforms/iPhoneOS.platform/Developer/SDKs/iPhoneOS7.1.sdk/System/Library/Frameworks/Foundation.framework; sourceTree = DEVELOPER_DIR; };
		A98A635F8E405135F8ED6CDE /* PauseDownload.m */ = {isa = PBXFileReference; includeInIndex = 1; lastKnownFileType = sourcecode.c.objc; name = PauseDownload.m; path = Tests/PauseDownload.m; sourceTree = "<group>"; };
		C473304725FA0EA449EA2B28 /* PlainVideo.m */ = {isa = PBXFileReference; includeInIndex = 1; lastKnownFileType = sourcecode.c.objc; name = PlainVideo.m; path = Tests/PlainVideo.m; sourceTree = "<group>"; };
		DB2F7A53417D53699DD69D74 /* ShowAdStreaming.m */ = {isa = PBXFileReference; includeInIndex = 1; lastKnownFileType = sourcecode.c.objc; name = ShowAdStreaming.m; path = Tests/ShowAdStreaming.m; sourceTree = "<group>"; };
		E9272240DA4A2688038B4E35 /* main.m */ = {isa = PBXFileReference; includeInIndex = 1; lastKnownFileType = sourcecode.c.objc; name = main.m; path = Tests/main.m; sourceTree = "<group>"; };
		EB5E73174F95F0C6DAD19FB2 /* Init.m */ = {isa = PBXFileReference; includeInIndex = 1; lastKnownFileType = sourcecode.c.objc; name = Init.m; path = Tests/Init.m; sourceTree = "<group>"; };
		EBA924B3BD48188459E6444C /* GetVersion.m */ = {isa = PBXFileReference; includeInIndex = 1; lastKnownFileType = sourcecode.c.objc; name = GetVersion.m; path = Tests/GetVersion.m; sourceTree = "<group>"; };
		F2687B50E0611F5C10B21D87 /* GeneralCases.m */ = {isa = PBXFileReference; includeInIndex = 1; lastKnownFileType = sourcecode.c.objc; name = GeneralCases.m; path = Tests/GeneralCases.m; sourceTree = "<group>"; };
		F28B127AFF826D5FA78F15A2 /* IsAutoPFEnabled.m */ = {isa = PBXFileReference; includeInIndex = 1; lastKnownFileType = sourcecode.c.objc; name = IsAutoPFEnabled.m; path = Tests/IsAutoPFEnabled.m; sourceTree = "<group>"; };
		F8CB24F6AFD272207B205C8B /* HandleEvent.m */ = {isa = PBXFileReference; includeInIndex = 1; lastKnownFileType = sourcecode.c.objc; name = HandleEvent.m; path = Tests/HandleEvent.m; sourceTree = "<group>"; };
		F9DE50945E71E6C7D829503B /* ShowAd.m */ = {isa = PBXFileReference; includeInIndex = 1; lastKnownFileType = sourcecode.c.objc; name = ShowAd.m; path = Tests/ShowAd.m; sourceTree = "<group>"; };
		FC3505F83EB99E4268C2787F /* AdCoverage.m */ = {isa = PBXFileReference; includeInIndex = 1; lastKnownFileType = sourcecode.c.objc; name = AdCoverage.m; path = Tests/AdCoverage.m; sourceTree = "<group>"; };
		FE31B14D8BDC4FA7422FB157 /* Pods-Tests.debug.xcconfig */ = {isa = PBXFileReference; includeInIndex = 1; lastKnownFileType = text.xcconfig; name = "Pods-Tests.debug.xcconfig"; path = "Pods/Target Support Files/Pods-Tests/Pods-Tests.debug.xcconfig"; sourceTree = "<group>"; };
/* End PBXFileReference section */

/* Begin PBXFrameworksBuildPhase section */
		8D3DDBEF1A5BF000006203E8 /* Frameworks */ = {
			isa = PBXFrameworksBuildPhase;
			buildActionMask = 2147483647;
			files = (
				8D3DDC731A5BFC3D006203E8 /* libical.a in Frameworks */,
				8D3DDC741A5BFC3D006203E8 /* libYuMeSDK.a in Frameworks */,
				8D3DDC671A5BF9A9006203E8 /* EventKit.framework in Frameworks */,
				8D3DDC681A5BF9A9006203E8 /* EventKitUI.framework in Frameworks */,
				8D3DDBF81A5BF000006203E8 /* CoreGraphics.framework in Frameworks */,
				8D3DDBFA1A5BF000006203E8 /* UIKit.framework in Frameworks */,
				8D3DDBF61A5BF000006203E8 /* Foundation.framework in Frameworks */,
				8D3DDC6A1A5BF9D2006203E8 /* SystemConfiguration.framework in Frameworks */,
				8D3DDC6C1A5BF9DD006203E8 /* MobileCoreServices.framework in Frameworks */,
			);
			runOnlyForDeploymentPostprocessing = 0;
		};
		8E8006AF1B304A7000221BDB /* Frameworks */ = {
			isa = PBXFrameworksBuildPhase;
			buildActionMask = 2147483647;
			files = (
				8E734BA91B6749B90072D9AA /* Foundation.framework in Frameworks */,
				8E734BA81B6749AD0072D9AA /* MobileCoreServices.framework in Frameworks */,
				8E734BA71B6749A50072D9AA /* SystemConfiguration.framework in Frameworks */,
				8E734BA61B6749880072D9AA /* CoreGraphics.framework in Frameworks */,
				8E734BA51B67497E0072D9AA /* UIKit.framework in Frameworks */,
				8E734BA31B67496B0072D9AA /* EventKit.framework in Frameworks */,
				8E734BA41B67496B0072D9AA /* EventKitUI.framework in Frameworks */,
				8E8006C91B304B5800221BDB /* libical.a in Frameworks */,
				8E8006CA1B304B5A00221BDB /* libYuMeSDK.a in Frameworks */,
			);
			runOnlyForDeploymentPostprocessing = 0;
		};
		F2626E7C1D7E9825D4A93635 /* Frameworks */ = {
			isa = PBXFrameworksBuildPhase;
			buildActionMask = 2147483647;
			files = (
				896503C6F8FCE2227B66BE54 /* Foundation.framework in Frameworks */,
				6A3CC5102BAE6A17F563ED51 /* libPods-Tests.a in Frameworks */,
				8EFC66711ACBD00C00605328 /* libical.a in Frameworks */,
				8EFC66701ACBD00900605328 /* libYuMeSDK.a in Frameworks */,
			);
			runOnlyForDeploymentPostprocessing = 0;
		};
/* End PBXFrameworksBuildPhase section */

/* Begin PBXGroup section */
		0C9D13C9F2FB909B94974E9D /* Pods */ = {
			isa = PBXGroup;
			children = (
				1BF5DAB1A57ECDA5DCA595FB /* Pods-Tests.release.xcconfig */,
				FE31B14D8BDC4FA7422FB157 /* Pods-Tests.debug.xcconfig */,
			);
			name = Pods;
			sourceTree = "<group>";
		};
		545EB2E788609F7F6660F95D /* iOS */ = {
			isa = PBXGroup;
			children = (
				9A6EC13678357C9B9691D8CD /* Foundation.framework */,
			);
			name = iOS;
			sourceTree = "<group>";
		};
		8D3DDBE91A5BF000006203E8 = {
			isa = PBXGroup;
			children = (
				8D3DDC6D1A5BFC3C006203E8 /* libYuMeSDK */,
				8D3DDBFB1A5BF000006203E8 /* ZIS_TestApp */,
				8E8006B31B304A7000221BDB /* YuMeZISTests */,
				8D3DDBF41A5BF000006203E8 /* Frameworks */,
				8D3DDBF31A5BF000006203E8 /* Products */,
				A86AF7BB1E5AD850A999B3D5 /* Tests */,
				0C9D13C9F2FB909B94974E9D /* Pods */,
			);
			sourceTree = "<group>";
		};
		8D3DDBF31A5BF000006203E8 /* Products */ = {
			isa = PBXGroup;
			children = (
				8D3DDBF21A5BF000006203E8 /* YuMeZISTestApp.app */,
				042116F9FB519C7517B3C5FE /* Tests.app */,
				8E8006B21B304A7000221BDB /* YuMeZISTests.xctest */,
			);
			name = Products;
			sourceTree = "<group>";
		};
		8D3DDBF41A5BF000006203E8 /* Frameworks */ = {
			isa = PBXGroup;
			children = (
				8E9733031B26F07B006EF8BC /* SenTestingKit.framework */,
				8D3DDC6B1A5BF9DD006203E8 /* MobileCoreServices.framework */,
				8D3DDC691A5BF9D1006203E8 /* SystemConfiguration.framework */,
				8D3DDC651A5BF9A9006203E8 /* EventKit.framework */,
				8D3DDC661A5BF9A9006203E8 /* EventKitUI.framework */,
				8D3DDBF51A5BF000006203E8 /* Foundation.framework */,
				8D3DDBF71A5BF000006203E8 /* CoreGraphics.framework */,
				8D3DDBF91A5BF000006203E8 /* UIKit.framework */,
				545EB2E788609F7F6660F95D /* iOS */,
				1C46205DD0F98E9B67CB697A /* libPods-Tests.a */,
			);
			name = Frameworks;
			sourceTree = "<group>";
		};
		8D3DDBFB1A5BF000006203E8 /* ZIS_TestApp */ = {
			isa = PBXGroup;
			children = (
				8D3DDC4A1A5BF85A006203E8 /* Src */,
				8D3DDC4B1A5BF867006203E8 /* Assets */,
				8D3DDC4C1A5BF86F006203E8 /* UI */,
				8D3DDBFC1A5BF000006203E8 /* Supporting Files */,
				8D3DDC071A5BF000006203E8 /* Images.xcassets */,
			);
			name = ZIS_TestApp;
			path = YuMeZISTestApp;
			sourceTree = "<group>";
		};
		8D3DDBFC1A5BF000006203E8 /* Supporting Files */ = {
			isa = PBXGroup;
			children = (
				8D3DDBFD1A5BF000006203E8 /* YuMeZISTestApp-Info.plist */,
				8D3DDBFE1A5BF000006203E8 /* InfoPlist.strings */,
				8D3DDC011A5BF000006203E8 /* main.m */,
				8D3DDC031A5BF000006203E8 /* YuMeZISTestApp-Prefix.pch */,
			);
			name = "Supporting Files";
			sourceTree = "<group>";
		};
		8D3DDC4A1A5BF85A006203E8 /* Src */ = {
			isa = PBXGroup;
			children = (
				8D3DDC241A5BF7EA006203E8 /* YuMeAboutViewController.h */,
				8D3DDC251A5BF7EA006203E8 /* YuMeAboutViewController.m */,
				8D3DDC261A5BF7EA006203E8 /* YuMeAdViewDelegate.h */,
				8D3DDC271A5BF7EA006203E8 /* YuMeAppConstants.h */,
				8D3DDC281A5BF7EA006203E8 /* YuMeAppDelegate.h */,
				8D3DDC291A5BF7EA006203E8 /* YuMeAppDelegate.m */,
				8D3DDC2A1A5BF7EA006203E8 /* YuMeAppSettings.h */,
				8D3DDC2B1A5BF7EA006203E8 /* YuMeAppSettings.m */,
				8D3DDC2C1A5BF7EA006203E8 /* YuMeAppUtils.h */,
				8D3DDC2D1A5BF7EA006203E8 /* YuMeAppUtils.m */,
				8D3DDC2E1A5BF7EA006203E8 /* YuMeInterface.h */,
				8D3DDC2F1A5BF7EA006203E8 /* YuMeInterface.m */,
				8D3DDC301A5BF7EA006203E8 /* YuMeLogViewController.h */,
				8D3DDC311A5BF7EA006203E8 /* YuMeLogViewController.m */,
				8D3DDC321A5BF7EA006203E8 /* YuMeMPlayerController.h */,
				8D3DDC331A5BF7EA006203E8 /* YuMeMPlayerController.m */,
				8D3DDC341A5BF7EA006203E8 /* YuMeSettingsViewController.h */,
				8D3DDC351A5BF7EA006203E8 /* YuMeSettingsViewController.m */,
				8D3DDC361A5BF7EA006203E8 /* YuMeSizeViewController.h */,
				8D3DDC371A5BF7EA006203E8 /* YuMeSizeViewController.m */,
				8D3DDC381A5BF7EA006203E8 /* YuMeToast.h */,
				8D3DDC391A5BF7EA006203E8 /* YuMeToast.m */,
				8D3DDC3A1A5BF7EA006203E8 /* YuMeVideoView.h */,
				8D3DDC3B1A5BF7EA006203E8 /* YuMeVideoView.m */,
				8D3DDC3C1A5BF7EA006203E8 /* YuMeViewController.h */,
				8D3DDC3D1A5BF7EA006203E8 /* YuMeViewController.m */,
				8D92AAAF1A9E09F900A58E28 /* YuMePresentedViewController.h */,
				8D92AAB01A9E09F900A58E28 /* YuMePresentedViewController.m */,
			);
			name = Src;
			sourceTree = "<group>";
		};
		8D3DDC4B1A5BF867006203E8 /* Assets */ = {
			isa = PBXGroup;
			children = (
				8D3DDC531A5BF8BC006203E8 /* Default-568h@2x.png */,
				8D3DDC541A5BF8BC006203E8 /* Default.png */,
				8D3DDC551A5BF8BC006203E8 /* Default@2x.png */,
				8D3DDC561A5BF8BC006203E8 /* icon_57x57.png */,
				8D3DDC571A5BF8BC006203E8 /* icon.png */,
				8D3DDC581A5BF8BC006203E8 /* info.png */,
				8D3DDC591A5BF8BC006203E8 /* one.m4v */,
				8D3DDC5A1A5BF8BC006203E8 /* two.m4v */,
				8D3DDC5B1A5BF8BC006203E8 /* yume_logo.png */,
			);
			name = Assets;
			sourceTree = "<group>";
		};
		8D3DDC4C1A5BF86F006203E8 /* UI */ = {
			isa = PBXGroup;
			children = (
				8D50B0D51A5CF86C006BCA88 /* Main_iPad.storyboard */,
				8D50B0D71A5CF86C006BCA88 /* Main_iPhone.storyboard */,
			);
			name = UI;
			sourceTree = "<group>";
		};
		8D3DDC6D1A5BFC3C006203E8 /* libYuMeSDK */ = {
			isa = PBXGroup;
			children = (
				8D3DDC6E1A5BFC3D006203E8 /* ical.h */,
				8D3DDC6F1A5BFC3D006203E8 /* libical.a */,
				8D3DDC701A5BFC3D006203E8 /* libYuMeSDK.a */,
				8D3DDC711A5BFC3D006203E8 /* YuMeSDKInterface.h */,
				8D3DDC721A5BFC3D006203E8 /* YuMeTypes.h */,
			);
			path = libYuMeSDK;
			sourceTree = "<group>";
		};
		8E013C9F1ACE92A9009B9BA9 /* AdCoverage */ = {
			isa = PBXGroup;
			children = (
				FC3505F83EB99E4268C2787F /* AdCoverage.m */,
			);
			name = AdCoverage;
			sourceTree = "<group>";
		};
		8E013CA01ACE9597009B9BA9 /* Error */ = {
			isa = PBXGroup;
			children = (
				393203FD756ECDCEEF67CDF9 /* ErrorVAST.m */,
			);
			name = Error;
			sourceTree = "<group>";
		};
		8E013CA11ACE959D009B9BA9 /* PlainVideo */ = {
			isa = PBXGroup;
			children = (
				C473304725FA0EA449EA2B28 /* PlainVideo.m */,
			);
			name = PlainVideo;
			sourceTree = "<group>";
		};
		8E013CA21ACE95A7009B9BA9 /* PlainImage */ = {
			isa = PBXGroup;
			children = (
				80346622ED8B19AD7F54FA09 /* PlainImage.m */,
			);
			name = PlainImage;
			sourceTree = "<group>";
		};
		8E013CA31ACE95AF009B9BA9 /* HLS */ = {
			isa = PBXGroup;
			children = (
				99895FDF4B97A4B2218212F4 /* HLS.m */,
			);
			name = HLS;
			sourceTree = "<group>";
		};
		8E8006B31B304A7000221BDB /* YuMeZISTests */ = {
			isa = PBXGroup;
			children = (
				8E7D6D481B32903D00BA7A25 /* ShowAd.m */,
				8E8006C41B304B3200221BDB /* Init.m */,
				8E8006C51B304B3200221BDB /* YuMeUnitTestUtils.h */,
				8E8006C61B304B3200221BDB /* YuMeUnitTestUtils.m */,
				8E8006BD1B304AD100221BDB /* XCTAsyncTestCase.h */,
				8E8006BE1B304AD100221BDB /* XCTAsyncTestCase.m */,
				8E8006BF1B304AD100221BDB /* XCTAsyncTestCase.podspec */,
				8E8006C01B304AD100221BDB /* xctestify.sh */,
				8E8006B41B304A7000221BDB /* Supporting Files */,
			);
			path = YuMeZISTests;
			sourceTree = "<group>";
		};
		8E8006B41B304A7000221BDB /* Supporting Files */ = {
			isa = PBXGroup;
			children = (
				8E8006B51B304A7000221BDB /* Info.plist */,
			);
			name = "Supporting Files";
			sourceTree = "<group>";
		};
		8EFC66681ACBC97900605328 /* API_Use_Cases */ = {
			isa = PBXGroup;
			children = (
				EB5E73174F95F0C6DAD19FB2 /* Init.m */,
				873C8F5889BC5F583035E4F8 /* DeInit.m */,
				5CF120A0121E980D9A20EEC0 /* ModParams.m */,
				3DCA0F090D33C3AA65E6CD85 /* GetParams.m */,
				DB2F7A53417D53699DD69D74 /* ShowAdStreaming.m */,
				49EE89A0AD19562AC831A719 /* StopAd.m */,
				3C2CBB6566C147A2D89D949A /* ClearCookies.m */,
				28BEC1893722564C7DBE5219 /* SetCBT.m */,
				F8CB24F6AFD272207B205C8B /* HandleEvent.m */,
				7AB068667DF16262EBFC2249 /* IsAdAvailability.m */,
				025BD7753CFE34CB51EE16E4 /* InitAd.m */,
				F9DE50945E71E6C7D829503B /* ShowAd.m */,
				5D0B4DB193E02534FCF485C4 /* SetCacheEnabled.m */,
				1146B787B0A4174A8EBFA1E1 /* IsCacheEnabled.m */,
				F28B127AFF826D5FA78F15A2 /* IsAutoPFEnabled.m */,
				7794E5950C91C16F32460090 /* ClearCache.m */,
				A98A635F8E405135F8ED6CDE /* PauseDownload.m */,
				07C297ABA084F07C5A9234F9 /* ResumeDownload.m */,
				40AA89039384FA604A565E5C /* AbortDownload.m */,
				2F00E54FC1E8BA15D317E152 /* GetDownloadStatus.m */,
				7BE3973B51859E14381ED826 /* GetDownloadPercentage.m */,
				EBA924B3BD48188459E6444C /* GetVersion.m */,
				47C92EEDB8634DBC0AB9A685 /* SetLogLevel.m */,
				F2687B50E0611F5C10B21D87 /* GeneralCases.m */,
			);
			name = API_Use_Cases;
			sourceTree = "<group>";
		};
		8EFC666F1ACBCCE300605328 /* Common */ = {
			isa = PBXGroup;
			children = (
				8EFC666C1ACBCCDA00605328 /* YuMeUnitTestUtils.h */,
				8EFC666D1ACBCCDA00605328 /* YuMeUnitTestUtils.m */,
			);
			name = Common;
			sourceTree = "<group>";
		};
		A86AF7BB1E5AD850A999B3D5 /* Tests */ = {
			isa = PBXGroup;
			children = (
				E9272240DA4A2688038B4E35 /* main.m */,
				8EFC666F1ACBCCE300605328 /* Common */,
				8EFC66681ACBC97900605328 /* API_Use_Cases */,
				8E013C9F1ACE92A9009B9BA9 /* AdCoverage */,
				8E013CA01ACE9597009B9BA9 /* Error */,
				8E013CA11ACE959D009B9BA9 /* PlainVideo */,
				8E013CA21ACE95A7009B9BA9 /* PlainImage */,
				8E013CA31ACE95AF009B9BA9 /* HLS */,
				67F03554CDD7B38C33763FFD /* FeatureTests.m */,
			);
			name = Tests;
			sourceTree = "<group>";
		};
/* End PBXGroup section */

/* Begin PBXNativeTarget section */
		8D3DDBF11A5BF000006203E8 /* YuMeZISTestApp */ = {
			isa = PBXNativeTarget;
			buildConfigurationList = 8D3DDC1E1A5BF000006203E8 /* Build configuration list for PBXNativeTarget "YuMeZISTestApp" */;
			buildPhases = (
				8D3DDBEE1A5BF000006203E8 /* Sources */,
				8D3DDBEF1A5BF000006203E8 /* Frameworks */,
				8D3DDBF01A5BF000006203E8 /* Resources */,
			);
			buildRules = (
			);
			dependencies = (
			);
			name = YuMeZISTestApp;
			productName = YuMeZISTestApp;
			productReference = 8D3DDBF21A5BF000006203E8 /* YuMeZISTestApp.app */;
			productType = "com.apple.product-type.application";
		};
		8E8006B11B304A7000221BDB /* YuMeZISTests */ = {
			isa = PBXNativeTarget;
			buildConfigurationList = 8E8006BC1B304A7000221BDB /* Build configuration list for PBXNativeTarget "YuMeZISTests" */;
			buildPhases = (
				8E8006AE1B304A7000221BDB /* Sources */,
				8E8006AF1B304A7000221BDB /* Frameworks */,
				8E8006B01B304A7000221BDB /* Resources */,
			);
			buildRules = (
			);
			dependencies = (
				8E8006B91B304A7000221BDB /* PBXTargetDependency */,
			);
			name = YuMeZISTests;
			productName = YuMeZISTests;
			productReference = 8E8006B21B304A7000221BDB /* YuMeZISTests.xctest */;
			productType = "com.apple.product-type.bundle.unit-test";
		};
		A7777A9B220A492C924C808B /* Tests */ = {
			isa = PBXNativeTarget;
			buildConfigurationList = 3FE51F8BB19018A6717B4842 /* Build configuration list for PBXNativeTarget "Tests" */;
			buildPhases = (
				5E9C97359ECE8F8ECBC03E9D /* Check Pods Manifest.lock */,
				88608EDD9A608742CB4B9C50 /* Sources */,
				F2626E7C1D7E9825D4A93635 /* Frameworks */,
				4EAD2DA31F2D584BA449DE60 /* Resources */,
				1809AC546E9C021552B32731 /* Copy Pods Resources */,
			);
			buildRules = (
			);
			dependencies = (
				241244A3D3E75D6027AD7CD8 /* PBXTargetDependency */,
			);
			name = Tests;
			productName = Tests;
			productReference = 042116F9FB519C7517B3C5FE /* Tests.app */;
			productType = "com.apple.product-type.application";
		};
/* End PBXNativeTarget section */

/* Begin PBXProject section */
		8D3DDBEA1A5BF000006203E8 /* Project object */ = {
			isa = PBXProject;
			attributes = {
				CLASSPREFIX = YuMe;
				LastUpgradeCheck = 0700;
				ORGANIZATIONNAME = YuMe;
				TargetAttributes = {
					8E8006B11B304A7000221BDB = {
						CreatedOnToolsVersion = 6.3.2;
						TestTargetID = 8D3DDBF11A5BF000006203E8;
					};
				};
			};
			buildConfigurationList = 8D3DDBED1A5BF000006203E8 /* Build configuration list for PBXProject "YuMeZISTestApp" */;
			compatibilityVersion = "Xcode 3.2";
			developmentRegion = English;
			hasScannedForEncodings = 0;
			knownRegions = (
				en,
				Base,
			);
			mainGroup = 8D3DDBE91A5BF000006203E8;
			productRefGroup = 8D3DDBF31A5BF000006203E8 /* Products */;
			projectDirPath = "";
			projectRoot = "";
			targets = (
				8D3DDBF11A5BF000006203E8 /* YuMeZISTestApp */,
				A7777A9B220A492C924C808B /* Tests */,
				8E8006B11B304A7000221BDB /* YuMeZISTests */,
			);
		};
/* End PBXProject section */

/* Begin PBXResourcesBuildPhase section */
		4EAD2DA31F2D584BA449DE60 /* Resources */ = {
			isa = PBXResourcesBuildPhase;
			buildActionMask = 2147483647;
			files = (
				8EAD3C3E1B15D8E800C23C94 /* Default-568h@2x.png in Resources */,
				8EAD3C3F1B15D8E800C23C94 /* Default.png in Resources */,
				8EAD3C401B15D8E800C23C94 /* Default@2x.png in Resources */,
				8EAD3C411B15D8E800C23C94 /* icon_57x57.png in Resources */,
				8EAD3C421B15D8E800C23C94 /* icon.png in Resources */,
				8EAD3C431B15D8E800C23C94 /* info.png in Resources */,
				8EAD3C441B15D8E800C23C94 /* one.m4v in Resources */,
				8EAD3C451B15D8E800C23C94 /* two.m4v in Resources */,
				8EAD3C461B15D8E800C23C94 /* yume_logo.png in Resources */,
				8E49D6F31AD57B8600115222 /* Main_iPad.storyboard in Resources */,
				8E49D6F41AD57B8900115222 /* Main_iPhone.storyboard in Resources */,
			);
			runOnlyForDeploymentPostprocessing = 0;
		};
		8D3DDBF01A5BF000006203E8 /* Resources */ = {
			isa = PBXResourcesBuildPhase;
			buildActionMask = 2147483647;
			files = (
				8D50B0DD1A5CF9C5006BCA88 /* InfoPlist.strings in Resources */,
				8D50B0DB1A5CF997006BCA88 /* Main_iPad.storyboard in Resources */,
				8D50B0DC1A5CF997006BCA88 /* Main_iPhone.storyboard in Resources */,
				8D3DDC621A5BF8BC006203E8 /* one.m4v in Resources */,
				8D3DDC641A5BF8BC006203E8 /* yume_logo.png in Resources */,
				8D3DDC611A5BF8BC006203E8 /* info.png in Resources */,
				8D3DDC5F1A5BF8BC006203E8 /* icon_57x57.png in Resources */,
				8D3DDC601A5BF8BC006203E8 /* icon.png in Resources */,
				8D3DDC5D1A5BF8BC006203E8 /* Default.png in Resources */,
				8D3DDC631A5BF8BC006203E8 /* two.m4v in Resources */,
				8D3DDC5C1A5BF8BC006203E8 /* Default-568h@2x.png in Resources */,
				8D3DDC5E1A5BF8BC006203E8 /* Default@2x.png in Resources */,
				8D3DDC081A5BF000006203E8 /* Images.xcassets in Resources */,
			);
			runOnlyForDeploymentPostprocessing = 0;
		};
		8E8006B01B304A7000221BDB /* Resources */ = {
			isa = PBXResourcesBuildPhase;
			buildActionMask = 2147483647;
			files = (
				8E8006C31B304AD100221BDB /* xctestify.sh in Resources */,
				8E8006C21B304AD100221BDB /* XCTAsyncTestCase.podspec in Resources */,
			);
			runOnlyForDeploymentPostprocessing = 0;
		};
/* End PBXResourcesBuildPhase section */

/* Begin PBXShellScriptBuildPhase section */
		1809AC546E9C021552B32731 /* Copy Pods Resources */ = {
			isa = PBXShellScriptBuildPhase;
			buildActionMask = 2147483647;
			files = (
			);
			inputPaths = (
			);
			name = "Copy Pods Resources";
			outputPaths = (
			);
			runOnlyForDeploymentPostprocessing = 0;
			shellPath = /bin/sh;
			shellScript = "\"${SRCROOT}/Pods/Target Support Files/Pods-Tests/Pods-Tests-resources.sh\"\n";
			showEnvVarsInLog = 0;
		};
		5E9C97359ECE8F8ECBC03E9D /* Check Pods Manifest.lock */ = {
			isa = PBXShellScriptBuildPhase;
			buildActionMask = 2147483647;
			files = (
			);
			inputPaths = (
			);
			name = "Check Pods Manifest.lock";
			outputPaths = (
			);
			runOnlyForDeploymentPostprocessing = 0;
			shellPath = /bin/sh;
			shellScript = "diff \"${PODS_ROOT}/../Podfile.lock\" \"${PODS_ROOT}/Manifest.lock\" > /dev/null\nif [[ $? != 0 ]] ; then\n    cat << EOM\nerror: The sandbox is not in sync with the Podfile.lock. Run 'pod install' or update your CocoaPods installation.\nEOM\n    exit 1\nfi\n";
			showEnvVarsInLog = 0;
		};
/* End PBXShellScriptBuildPhase section */

/* Begin PBXSourcesBuildPhase section */
		88608EDD9A608742CB4B9C50 /* Sources */ = {
			isa = PBXSourcesBuildPhase;
			buildActionMask = 2147483647;
			files = (
				8EFC66721ACBD02600605328 /* YuMeUnitTestUtils.m in Sources */,
				8EFC665B1ACBC32300605328 /* YuMeAboutViewController.m in Sources */,
				8EFC665C1ACBC32300605328 /* YuMeAppDelegate.m in Sources */,
				8EFC665D1ACBC32300605328 /* YuMeAppSettings.m in Sources */,
				8EFC665E1ACBC32300605328 /* YuMeAppUtils.m in Sources */,
				8EFC665F1ACBC32300605328 /* YuMeInterface.m in Sources */,
				8EFC66601ACBC32300605328 /* YuMeLogViewController.m in Sources */,
				8EFC66611ACBC32300605328 /* YuMeMPlayerController.m in Sources */,
				8EFC66621ACBC32300605328 /* YuMeSettingsViewController.m in Sources */,
				8EFC66631ACBC32300605328 /* YuMeSizeViewController.m in Sources */,
				8EFC66641ACBC32300605328 /* YuMeToast.m in Sources */,
				8EFC66651ACBC32300605328 /* YuMeVideoView.m in Sources */,
				8EFC66661ACBC32300605328 /* YuMeViewController.m in Sources */,
				8EFC66671ACBC32300605328 /* YuMePresentedViewController.m in Sources */,
				B9DFD64A5346607BC2F7433C /* main.m in Sources */,
				283DCCC9EC11549147D11749 /* Init.m in Sources */,
				9FB59FD05D182F094F833E08 /* DeInit.m in Sources */,
				8417936DAD1BF7524DEAF2A5 /* ModParams.m in Sources */,
				0B15752DB11F71D75FA09D73 /* GetParams.m in Sources */,
				6CB7DDEABA659C83E674189C /* ShowAdStreaming.m in Sources */,
				50C53FFE5E9758018274941E /* StopAd.m in Sources */,
				FF7A7F1FBB17721057A1489D /* ClearCookies.m in Sources */,
				6B6FAF1A10136E96FB8EB50D /* SetCBT.m in Sources */,
				8C258525D12D7A9C5B4AF9EE /* HandleEvent.m in Sources */,
				D122FEBE405B772E9F69038B /* IsAdAvailability.m in Sources */,
				B8627BD31BC49E4B731BC867 /* InitAd.m in Sources */,
				9FC417BDD7D6D7F14FC5ACBE /* ShowAd.m in Sources */,
				4D1F85A4EBCB7808D9214929 /* SetCacheEnabled.m in Sources */,
				50CAE6D77847D6087CA7B927 /* IsCacheEnabled.m in Sources */,
				AE55C7B5DD5AC8A3E846E622 /* IsAutoPFEnabled.m in Sources */,
				99FC6C1E1A60A7FC66408361 /* ClearCache.m in Sources */,
				CD9B0019E68DFF812DA71313 /* PauseDownload.m in Sources */,
				0EB10DB1AFE4B588DB646B45 /* ResumeDownload.m in Sources */,
				D00AFBC602C28D611FE3980E /* AbortDownload.m in Sources */,
				CC342ED6AB767696740BA260 /* GetDownloadStatus.m in Sources */,
				75947FE6D37FAA6D7CA69B78 /* GetDownloadPercentage.m in Sources */,
				E00827EFD30CB215544AD564 /* GetVersion.m in Sources */,
				599E368272E0813502D648D0 /* SetLogLevel.m in Sources */,
				3DA1A950E192E2A8F8C39AC6 /* GeneralCases.m in Sources */,
				B38BB6AE415401C595ED7B8B /* AdCoverage.m in Sources */,
				EF313BDBB96B650713A8EC9E /* ErrorVAST.m in Sources */,
				97292C6563BA7B0BB1FCE0B8 /* PlainVideo.m in Sources */,
				480F941BD7F3436417357723 /* PlainImage.m in Sources */,
				A20FE9AAA2C5DD011F7C5027 /* HLS.m in Sources */,
				D19ADCECE4D6E5A6A0FA527A /* FeatureTests.m in Sources */,
			);
			runOnlyForDeploymentPostprocessing = 0;
		};
		8D3DDBEE1A5BF000006203E8 /* Sources */ = {
			isa = PBXSourcesBuildPhase;
			buildActionMask = 2147483647;
			files = (
				8D3DDC481A5BF7EA006203E8 /* YuMeVideoView.m in Sources */,
				8D3DDC451A5BF7EA006203E8 /* YuMeSettingsViewController.m in Sources */,
				8D3DDC441A5BF7EA006203E8 /* YuMeMPlayerController.m in Sources */,
				8EFC666E1ACBCCDA00605328 /* YuMeUnitTestUtils.m in Sources */,
				8D3DDC3E1A5BF7EA006203E8 /* YuMeAboutViewController.m in Sources */,
				8D3DDC021A5BF000006203E8 /* main.m in Sources */,
				8D3DDC471A5BF7EA006203E8 /* YuMeToast.m in Sources */,
				8D3DDC411A5BF7EA006203E8 /* YuMeAppUtils.m in Sources */,
				8D92AAB11A9E09F900A58E28 /* YuMePresentedViewController.m in Sources */,
				8D3DDC431A5BF7EA006203E8 /* YuMeLogViewController.m in Sources */,
				8D3DDC401A5BF7EA006203E8 /* YuMeAppSettings.m in Sources */,
				8D3DDC461A5BF7EA006203E8 /* YuMeSizeViewController.m in Sources */,
				8D3DDC3F1A5BF7EA006203E8 /* YuMeAppDelegate.m in Sources */,
				8D3DDC421A5BF7EA006203E8 /* YuMeInterface.m in Sources */,
				8D3DDC491A5BF7EA006203E8 /* YuMeViewController.m in Sources */,
			);
			runOnlyForDeploymentPostprocessing = 0;
		};
		8E8006AE1B304A7000221BDB /* Sources */ = {
			isa = PBXSourcesBuildPhase;
			buildActionMask = 2147483647;
			files = (
				8E8006C81B304B3200221BDB /* YuMeUnitTestUtils.m in Sources */,
				8E7D6D491B32903D00BA7A25 /* ShowAd.m in Sources */,
				8E8006C11B304AD100221BDB /* XCTAsyncTestCase.m in Sources */,
				8E8006C71B304B3200221BDB /* Init.m in Sources */,
			);
			runOnlyForDeploymentPostprocessing = 0;
		};
/* End PBXSourcesBuildPhase section */

/* Begin PBXTargetDependency section */
		241244A3D3E75D6027AD7CD8 /* PBXTargetDependency */ = {
			isa = PBXTargetDependency;
			name = YuMeZISTestApp;
			target = 8D3DDBF11A5BF000006203E8 /* YuMeZISTestApp */;
			targetProxy = 829F09EAD49AE3E6B59E3FC9 /* PBXContainerItemProxy */;
		};
		8E8006B91B304A7000221BDB /* PBXTargetDependency */ = {
			isa = PBXTargetDependency;
			target = 8D3DDBF11A5BF000006203E8 /* YuMeZISTestApp */;
			targetProxy = 8E8006B81B304A7000221BDB /* PBXContainerItemProxy */;
		};
/* End PBXTargetDependency section */

/* Begin PBXVariantGroup section */
		8D3DDBFE1A5BF000006203E8 /* InfoPlist.strings */ = {
			isa = PBXVariantGroup;
			children = (
				8D3DDBFF1A5BF000006203E8 /* en */,
			);
			name = InfoPlist.strings;
			sourceTree = "<group>";
		};
		8D50B0D51A5CF86C006BCA88 /* Main_iPad.storyboard */ = {
			isa = PBXVariantGroup;
			children = (
				8D50B0D61A5CF86C006BCA88 /* en */,
			);
			name = Main_iPad.storyboard;
			sourceTree = "<group>";
		};
		8D50B0D71A5CF86C006BCA88 /* Main_iPhone.storyboard */ = {
			isa = PBXVariantGroup;
			children = (
				8D50B0D81A5CF86C006BCA88 /* en */,
			);
			name = Main_iPhone.storyboard;
			sourceTree = "<group>";
		};
/* End PBXVariantGroup section */

/* Begin XCBuildConfiguration section */
		648E39E795749F0A13871E09 /* Release */ = {
			isa = XCBuildConfiguration;
			baseConfigurationReference = 1BF5DAB1A57ECDA5DCA595FB /* Pods-Tests.release.xcconfig */;
			buildSettings = {
				ASSETCATALOG_COMPILER_APPICON_NAME = AppIcon;
				"CODE_SIGN_IDENTITY[sdk=iphoneos*]" = "iPhone Developer";
				ENABLE_STRICT_OBJC_MSGSEND = YES;
				FRAMEWORK_SEARCH_PATHS = (
					"$(inherited)",
					"$(DEVELOPER_FRAMEWORKS_DIR)",
				);
				GCC_PREFIX_HEADER = "YuMeZISTestApp/YuMeZISTestApp-Prefix.pch";
				INFOPLIST_FILE = "Tests/Tests-Info.plist";
				IPHONEOS_DEPLOYMENT_TARGET = 6.0;
				LD_RUNPATH_SEARCH_PATHS = "$(inherited) @executable_path/Frameworks";
				LIBRARY_SEARCH_PATHS = (
					"$(inherited)",
					"$(PROJECT_DIR)/libYuMeSDK",
				);
				MTL_ENABLE_DEBUG_INFO = NO;
				PRODUCT_BUNDLE_IDENTIFIER = "tests.${PRODUCT_NAME:rfc1034identifier}";
				PRODUCT_NAME = "$(TARGET_NAME)";
				SDKROOT = iphoneos;
			};
			name = Release;
		};
		8D3DDC1C1A5BF000006203E8 /* Debug */ = {
			isa = XCBuildConfiguration;
			buildSettings = {
				ALWAYS_SEARCH_USER_PATHS = NO;
				CLANG_CXX_LANGUAGE_STANDARD = "gnu++0x";
				CLANG_CXX_LIBRARY = "libc++";
				CLANG_ENABLE_MODULES = YES;
				CLANG_ENABLE_OBJC_ARC = YES;
				CLANG_WARN_BOOL_CONVERSION = YES;
				CLANG_WARN_CONSTANT_CONVERSION = YES;
				CLANG_WARN_DIRECT_OBJC_ISA_USAGE = YES_ERROR;
				CLANG_WARN_EMPTY_BODY = YES;
				CLANG_WARN_ENUM_CONVERSION = YES;
				CLANG_WARN_INT_CONVERSION = YES;
				CLANG_WARN_OBJC_ROOT_CLASS = YES_ERROR;
				CLANG_WARN__DUPLICATE_METHOD_MATCH = YES;
				"CODE_SIGN_IDENTITY[sdk=iphoneos*]" = "iPhone Developer";
				COPY_PHASE_STRIP = NO;
				ENABLE_TESTABILITY = YES;
				GCC_C_LANGUAGE_STANDARD = gnu99;
				GCC_DYNAMIC_NO_PIC = NO;
				GCC_OPTIMIZATION_LEVEL = 0;
				GCC_PREPROCESSOR_DEFINITIONS = (
					"DEBUG=1",
					"$(inherited)",
				);
				GCC_SYMBOLS_PRIVATE_EXTERN = NO;
				GCC_WARN_64_TO_32_BIT_CONVERSION = YES;
				GCC_WARN_ABOUT_RETURN_TYPE = YES_ERROR;
				GCC_WARN_UNDECLARED_SELECTOR = YES;
				GCC_WARN_UNINITIALIZED_AUTOS = YES_AGGRESSIVE;
				GCC_WARN_UNUSED_FUNCTION = YES;
				GCC_WARN_UNUSED_VARIABLE = YES;
				IPHONEOS_DEPLOYMENT_TARGET = 6.0;
				ONLY_ACTIVE_ARCH = YES;
				SDKROOT = iphoneos;
				TARGETED_DEVICE_FAMILY = "1,2";
			};
			name = Debug;
		};
		8D3DDC1D1A5BF000006203E8 /* Release */ = {
			isa = XCBuildConfiguration;
			buildSettings = {
				ALWAYS_SEARCH_USER_PATHS = NO;
				CLANG_CXX_LANGUAGE_STANDARD = "gnu++0x";
				CLANG_CXX_LIBRARY = "libc++";
				CLANG_ENABLE_MODULES = YES;
				CLANG_ENABLE_OBJC_ARC = YES;
				CLANG_WARN_BOOL_CONVERSION = YES;
				CLANG_WARN_CONSTANT_CONVERSION = YES;
				CLANG_WARN_DIRECT_OBJC_ISA_USAGE = YES_ERROR;
				CLANG_WARN_EMPTY_BODY = YES;
				CLANG_WARN_ENUM_CONVERSION = YES;
				CLANG_WARN_INT_CONVERSION = YES;
				CLANG_WARN_OBJC_ROOT_CLASS = YES_ERROR;
				CLANG_WARN__DUPLICATE_METHOD_MATCH = YES;
				"CODE_SIGN_IDENTITY[sdk=iphoneos*]" = "iPhone Developer";
				COPY_PHASE_STRIP = YES;
				ENABLE_NS_ASSERTIONS = NO;
				GCC_C_LANGUAGE_STANDARD = gnu99;
				GCC_WARN_64_TO_32_BIT_CONVERSION = YES;
				GCC_WARN_ABOUT_RETURN_TYPE = YES_ERROR;
				GCC_WARN_UNDECLARED_SELECTOR = YES;
				GCC_WARN_UNINITIALIZED_AUTOS = YES_AGGRESSIVE;
				GCC_WARN_UNUSED_FUNCTION = YES;
				GCC_WARN_UNUSED_VARIABLE = YES;
				IPHONEOS_DEPLOYMENT_TARGET = 6.0;
				SDKROOT = iphoneos;
				TARGETED_DEVICE_FAMILY = "1,2";
				VALIDATE_PRODUCT = YES;
			};
			name = Release;
		};
		8D3DDC1F1A5BF000006203E8 /* Debug */ = {
			isa = XCBuildConfiguration;
			buildSettings = {
				ASSETCATALOG_COMPILER_APPICON_NAME = AppIcon;
				ASSETCATALOG_COMPILER_LAUNCHIMAGE_NAME = LaunchImage;
				CODE_SIGN_IDENTITY = "iPhone Developer: Ravi Kodali (567R54LS73)";
				"CODE_SIGN_IDENTITY[sdk=iphoneos*]" = "iPhone Developer: Ravi Kodali (567R54LS73)";
				GCC_PRECOMPILE_PREFIX_HEADER = YES;
				GCC_PREFIX_HEADER = "YuMeZISTestApp/YuMeZISTestApp-Prefix.pch";
				INFOPLIST_FILE = "YuMeZISTestApp/YuMeZISTestApp-Info.plist";
				IPHONEOS_DEPLOYMENT_TARGET = 6.0;
				LIBRARY_SEARCH_PATHS = "$(SRCROOT)/libYuMeSDK";
				OTHER_LDFLAGS = "-ObjC";
				PRODUCT_BUNDLE_IDENTIFIER = "com.yume.sdk.${PRODUCT_NAME:rfc1034identifier}";
				PRODUCT_NAME = "$(TARGET_NAME)";
				PROVISIONING_PROFILE = "fe98dfd6-321a-49a9-a27f-9243d9459b74";
				USER_HEADER_SEARCH_PATHS = "$(SRCROOT)/libYuMeSDK";
				WRAPPER_EXTENSION = app;
			};
			name = Debug;
		};
		8D3DDC201A5BF000006203E8 /* Release */ = {
			isa = XCBuildConfiguration;
			buildSettings = {
				ASSETCATALOG_COMPILER_APPICON_NAME = AppIcon;
				ASSETCATALOG_COMPILER_LAUNCHIMAGE_NAME = LaunchImage;
				CODE_SIGN_IDENTITY = "iPhone Developer: Ravi Kodali (567R54LS73)";
				"CODE_SIGN_IDENTITY[sdk=iphoneos*]" = "iPhone Developer: Ravi Kodali (567R54LS73)";
				GCC_PRECOMPILE_PREFIX_HEADER = YES;
				GCC_PREFIX_HEADER = "YuMeZISTestApp/YuMeZISTestApp-Prefix.pch";
				INFOPLIST_FILE = "YuMeZISTestApp/YuMeZISTestApp-Info.plist";
				IPHONEOS_DEPLOYMENT_TARGET = 6.0;
				LIBRARY_SEARCH_PATHS = "$(SRCROOT)/libYuMeSDK";
				OTHER_LDFLAGS = "-ObjC";
				PRODUCT_BUNDLE_IDENTIFIER = "com.yume.sdk.${PRODUCT_NAME:rfc1034identifier}";
				PRODUCT_NAME = "$(TARGET_NAME)";
				PROVISIONING_PROFILE = "fe98dfd6-321a-49a9-a27f-9243d9459b74";
				USER_HEADER_SEARCH_PATHS = "$(SRCROOT)/libYuMeSDK";
				WRAPPER_EXTENSION = app;
			};
			name = Release;
		};
		8E8006BA1B304A7000221BDB /* Debug */ = {
			isa = XCBuildConfiguration;
			buildSettings = {
				BUNDLE_LOADER = "$(TEST_HOST)";
				CLANG_WARN_UNREACHABLE_CODE = YES;
				DEBUG_INFORMATION_FORMAT = "dwarf-with-dsym";
				ENABLE_STRICT_OBJC_MSGSEND = YES;
				FRAMEWORK_SEARCH_PATHS = (
					"$(SDKROOT)/Developer/Library/Frameworks",
					"$(inherited)",
				);
				GCC_NO_COMMON_BLOCKS = YES;
				GCC_PREPROCESSOR_DEFINITIONS = (
					"DEBUG=1",
					"$(inherited)",
				);
				INFOPLIST_FILE = YuMeZISTests/Info.plist;
				IPHONEOS_DEPLOYMENT_TARGET = 8.3;
				LD_RUNPATH_SEARCH_PATHS = "$(inherited) @executable_path/Frameworks @loader_path/Frameworks";
				LIBRARY_SEARCH_PATHS = (
					"$(inherited)",
					"$(PROJECT_DIR)/libYuMeSDK",
				);
				MTL_ENABLE_DEBUG_INFO = YES;
				OTHER_LDFLAGS = (
					"$(inherited)",
					"-framework",
					XCTest,
				);
				PRODUCT_BUNDLE_IDENTIFIER = "com.yume.$(PRODUCT_NAME:rfc1034identifier)";
				PRODUCT_NAME = "$(TARGET_NAME)";
				TEST_HOST = "$(BUILT_PRODUCTS_DIR)/YuMeZISTestApp.app/YuMeZISTestApp";
			};
			name = Debug;
		};
		8E8006BB1B304A7000221BDB /* Release */ = {
			isa = XCBuildConfiguration;
			buildSettings = {
				BUNDLE_LOADER = "$(TEST_HOST)";
				CLANG_WARN_UNREACHABLE_CODE = YES;
				COPY_PHASE_STRIP = NO;
				DEBUG_INFORMATION_FORMAT = "dwarf-with-dsym";
				ENABLE_STRICT_OBJC_MSGSEND = YES;
				FRAMEWORK_SEARCH_PATHS = (
					"$(SDKROOT)/Developer/Library/Frameworks",
					"$(inherited)",
				);
				GCC_NO_COMMON_BLOCKS = YES;
				INFOPLIST_FILE = YuMeZISTests/Info.plist;
				IPHONEOS_DEPLOYMENT_TARGET = 8.3;
				LD_RUNPATH_SEARCH_PATHS = "$(inherited) @executable_path/Frameworks @loader_path/Frameworks";
				LIBRARY_SEARCH_PATHS = (
					"$(inherited)",
					"$(PROJECT_DIR)/libYuMeSDK",
				);
				MTL_ENABLE_DEBUG_INFO = NO;
				OTHER_LDFLAGS = (
					"$(inherited)",
					"-framework",
					XCTest,
				);
				PRODUCT_BUNDLE_IDENTIFIER = "com.yume.$(PRODUCT_NAME:rfc1034identifier)";
				PRODUCT_NAME = "$(TARGET_NAME)";
				TEST_HOST = "$(BUILT_PRODUCTS_DIR)/YuMeZISTestApp.app/YuMeZISTestApp";
			};
			name = Release;
		};
		CB8F73000CA1BF76EDBA4658 /* Debug */ = {
			isa = XCBuildConfiguration;
			baseConfigurationReference = FE31B14D8BDC4FA7422FB157 /* Pods-Tests.debug.xcconfig */;
			buildSettings = {
				ASSETCATALOG_COMPILER_APPICON_NAME = AppIcon;
				"CODE_SIGN_IDENTITY[sdk=iphoneos*]" = "iPhone Developer";
				ENABLE_STRICT_OBJC_MSGSEND = YES;
				FRAMEWORK_SEARCH_PATHS = (
					"$(inherited)",
					"$(DEVELOPER_FRAMEWORKS_DIR)",
				);
				GCC_PREFIX_HEADER = "YuMeZISTestApp/YuMeZISTestApp-Prefix.pch";
				INFOPLIST_FILE = "Tests/Tests-Info.plist";
				IPHONEOS_DEPLOYMENT_TARGET = 6.0;
				LD_RUNPATH_SEARCH_PATHS = "$(inherited) @executable_path/Frameworks";
				LIBRARY_SEARCH_PATHS = (
					"$(inherited)",
					"$(PROJECT_DIR)/libYuMeSDK",
				);
				MTL_ENABLE_DEBUG_INFO = YES;
				PRODUCT_BUNDLE_IDENTIFIER = "tests.${PRODUCT_NAME:rfc1034identifier}";
				PRODUCT_NAME = "$(TARGET_NAME)";
				SDKROOT = iphoneos;
			};
			name = Debug;
		};
/* End XCBuildConfiguration section */

/* Begin XCConfigurationList section */
		3FE51F8BB19018A6717B4842 /* Build configuration list for PBXNativeTarget "Tests" */ = {
			isa = XCConfigurationList;
			buildConfigurations = (
				648E39E795749F0A13871E09 /* Release */,
				CB8F73000CA1BF76EDBA4658 /* Debug */,
			);
			defaultConfigurationIsVisible = 0;
			defaultConfigurationName = Release;
		};
		8D3DDBED1A5BF000006203E8 /* Build configuration list for PBXProject "YuMeZISTestApp" */ = {
			isa = XCConfigurationList;
			buildConfigurations = (
				8D3DDC1C1A5BF000006203E8 /* Debug */,
				8D3DDC1D1A5BF000006203E8 /* Release */,
			);
			defaultConfigurationIsVisible = 0;
			defaultConfigurationName = Release;
		};
		8D3DDC1E1A5BF000006203E8 /* Build configuration list for PBXNativeTarget "YuMeZISTestApp" */ = {
			isa = XCConfigurationList;
			buildConfigurations = (
				8D3DDC1F1A5BF000006203E8 /* Debug */,
				8D3DDC201A5BF000006203E8 /* Release */,
			);
			defaultConfigurationIsVisible = 0;
			defaultConfigurationName = Release;
		};
		8E8006BC1B304A7000221BDB /* Build configuration list for PBXNativeTarget "YuMeZISTests" */ = {
			isa = XCConfigurationList;
			buildConfigurations = (
				8E8006BA1B304A7000221BDB /* Debug */,
				8E8006BB1B304A7000221BDB /* Release */,
			);
			defaultConfigurationIsVisible = 0;
			defaultConfigurationName = Release;
		};
/* End XCConfigurationList section */
	};
	rootObject = 8D3DDBEA1A5BF000006203E8 /* Project object */;
}
