// !$*UTF8*$!
{
	archiveVersion = 1;
	classes = {
	};
	objectVersion = 46;
	objects = {

/* Begin PBXBuildFile section */
		8D3DDBF61A5BF000006203E8 /* Foundation.framework in Frameworks */ = {isa = PBXBuildFile; fileRef = 8D3DDBF51A5BF000006203E8 /* Foundation.framework */; };
		8D3DDBF81A5BF000006203E8 /* CoreGraphics.framework in Frameworks */ = {isa = PBXBuildFile; fileRef = 8D3DDBF71A5BF000006203E8 /* CoreGraphics.framework */; };
		8D3DDBFA1A5BF000006203E8 /* UIKit.framework in Frameworks */ = {isa = PBXBuildFile; fileRef = 8D3DDBF91A5BF000006203E8 /* UIKit.framework */; };
		8D3DDC021A5BF000006203E8 /* main.m in Sources */ = {isa = PBXBuildFile; fileRef = 8D3DDC011A5BF000006203E8 /* main.m */; };
		8D3DDC081A5BF000006203E8 /* Images.xcassets in Resources */ = {isa = PBXBuildFile; fileRef = 8D3DDC071A5BF000006203E8 /* Images.xcassets */; };
		8D3DDC3E1A5BF7EA006203E8 /* YuMeAboutViewController.m in Sources */ = {isa = PBXBuildFile; fileRef = 8D3DDC251A5BF7EA006203E8 /* YuMeAboutViewController.m */; };
		8D3DDC3F1A5BF7EA006203E8 /* YuMeAppDelegate.m in Sources */ = {isa = PBXBuildFile; fileRef = 8D3DDC291A5BF7EA006203E8 /* YuMeAppDelegate.m */; };
		8D3DDC401A5BF7EA006203E8 /* YuMeAppSettings.m in Sources */ = {isa = PBXBuildFile; fileRef = 8D3DDC2B1A5BF7EA006203E8 /* YuMeAppSettings.m */; };
		8D3DDC411A5BF7EA006203E8 /* YuMeAppUtils.m in Sources */ = {isa = PBXBuildFile; fileRef = 8D3DDC2D1A5BF7EA006203E8 /* YuMeAppUtils.m */; };
		8D3DDC421A5BF7EA006203E8 /* YuMeInterface.m in Sources */ = {isa = PBXBuildFile; fileRef = 8D3DDC2F1A5BF7EA006203E8 /* YuMeInterface.m */; };
		8D3DDC431A5BF7EA006203E8 /* YuMeLogViewController.m in Sources */ = {isa = PBXBuildFile; fileRef = 8D3DDC311A5BF7EA006203E8 /* YuMeLogViewController.m */; };
		8D3DDC441A5BF7EA006203E8 /* YuMeMPlayerController.m in Sources */ = {isa = PBXBuildFile; fileRef = 8D3DDC331A5BF7EA006203E8 /* YuMeMPlayerController.m */; };
		8D3DDC451A5BF7EA006203E8 /* YuMeSettingsViewController.m in Sources */ = {isa = PBXBuildFile; fileRef = 8D3DDC351A5BF7EA006203E8 /* YuMeSettingsViewController.m */; };
		8D3DDC461A5BF7EA006203E8 /* YuMeSizeViewController.m in Sources */ = {isa = PBXBuildFile; fileRef = 8D3DDC371A5BF7EA006203E8 /* YuMeSizeViewController.m */; };
		8D3DDC471A5BF7EA006203E8 /* YuMeToast.m in Sources */ = {isa = PBXBuildFile; fileRef = 8D3DDC391A5BF7EA006203E8 /* YuMeToast.m */; };
		8D3DDC481A5BF7EA006203E8 /* YuMeVideoView.m in Sources */ = {isa = PBXBuildFile; fileRef = 8D3DDC3B1A5BF7EA006203E8 /* YuMeVideoView.m */; };
		8D3DDC491A5BF7EA006203E8 /* YuMeViewController.m in Sources */ = {isa = PBXBuildFile; fileRef = 8D3DDC3D1A5BF7EA006203E8 /* YuMeViewController.m */; };
		8D3DDC5C1A5BF8BC006203E8 /* Default-568h@2x.png in Resources */ = {isa = PBXBuildFile; fileRef = 8D3DDC531A5BF8BC006203E8 /* Default-568h@2x.png */; };
		8D3DDC5D1A5BF8BC006203E8 /* Default.png in Resources */ = {isa = PBXBuildFile; fileRef = 8D3DDC541A5BF8BC006203E8 /* Default.png */; };
		8D3DDC5E1A5BF8BC006203E8 /* Default@2x.png in Resources */ = {isa = PBXBuildFile; fileRef = 8D3DDC551A5BF8BC006203E8 /* Default@2x.png */; };
		8D3DDC5F1A5BF8BC006203E8 /* icon_57x57.png in Resources */ = {isa = PBXBuildFile; fileRef = 8D3DDC561A5BF8BC006203E8 /* icon_57x57.png */; };
		8D3DDC601A5BF8BC006203E8 /* icon.png in Resources */ = {isa = PBXBuildFile; fileRef = 8D3DDC571A5BF8BC006203E8 /* icon.png */; };
		8D3DDC611A5BF8BC006203E8 /* info.png in Resources */ = {isa = PBXBuildFile; fileRef = 8D3DDC581A5BF8BC006203E8 /* info.png */; };
		8D3DDC621A5BF8BC006203E8 /* one.m4v in Resources */ = {isa = PBXBuildFile; fileRef = 8D3DDC591A5BF8BC006203E8 /* one.m4v */; };
		8D3DDC631A5BF8BC006203E8 /* two.m4v in Resources */ = {isa = PBXBuildFile; fileRef = 8D3DDC5A1A5BF8BC006203E8 /* two.m4v */; };
		8D3DDC641A5BF8BC006203E8 /* yume_logo.png in Resources */ = {isa = PBXBuildFile; fileRef = 8D3DDC5B1A5BF8BC006203E8 /* yume_logo.png */; };
		8D3DDC671A5BF9A9006203E8 /* EventKit.framework in Frameworks */ = {isa = PBXBuildFile; fileRef = 8D3DDC651A5BF9A9006203E8 /* EventKit.framework */; settings = {ATTRIBUTES = (Required, ); }; };
		8D3DDC681A5BF9A9006203E8 /* EventKitUI.framework in Frameworks */ = {isa = PBXBuildFile; fileRef = 8D3DDC661A5BF9A9006203E8 /* EventKitUI.framework */; settings = {ATTRIBUTES = (Required, ); }; };
		8D3DDC6A1A5BF9D2006203E8 /* SystemConfiguration.framework in Frameworks */ = {isa = PBXBuildFile; fileRef = 8D3DDC691A5BF9D1006203E8 /* SystemConfiguration.framework */; };
		8D3DDC6C1A5BF9DD006203E8 /* MobileCoreServices.framework in Frameworks */ = {isa = PBXBuildFile; fileRef = 8D3DDC6B1A5BF9DD006203E8 /* MobileCoreServices.framework */; };
		8D3DDC741A5BFC3D006203E8 /* libYuMeSDK.a in Frameworks */ = {isa = PBXBuildFile; fileRef = 8D3DDC701A5BFC3D006203E8 /* libYuMeSDK.a */; };
		8D50B0DB1A5CF997006BCA88 /* Main_iPad.storyboard in Resources */ = {isa = PBXBuildFile; fileRef = 8D50B0D51A5CF86C006BCA88 /* Main_iPad.storyboard */; };
		8D50B0DC1A5CF997006BCA88 /* Main_iPhone.storyboard in Resources */ = {isa = PBXBuildFile; fileRef = 8D50B0D71A5CF86C006BCA88 /* Main_iPhone.storyboard */; };
		8D50B0DD1A5CF9C5006BCA88 /* InfoPlist.strings in Resources */ = {isa = PBXBuildFile; fileRef = 8D3DDBFE1A5BF000006203E8 /* InfoPlist.strings */; };
		8D92AAB11A9E09F900A58E28 /* YuMePresentedViewController.m in Sources */ = {isa = PBXBuildFile; fileRef = 8D92AAB01A9E09F900A58E28 /* YuMePresentedViewController.m */; };
		8E734BA31B67496B0072D9AA /* EventKit.framework in Frameworks */ = {isa = PBXBuildFile; fileRef = 8D3DDC651A5BF9A9006203E8 /* EventKit.framework */; };
		8E734BA41B67496B0072D9AA /* EventKitUI.framework in Frameworks */ = {isa = PBXBuildFile; fileRef = 8D3DDC661A5BF9A9006203E8 /* EventKitUI.framework */; };
		8E734BA51B67497E0072D9AA /* UIKit.framework in Frameworks */ = {isa = PBXBuildFile; fileRef = 8D3DDBF91A5BF000006203E8 /* UIKit.framework */; };
		8E734BA61B6749880072D9AA /* CoreGraphics.framework in Frameworks */ = {isa = PBXBuildFile; fileRef = 8D3DDBF71A5BF000006203E8 /* CoreGraphics.framework */; };
		8E734BA71B6749A50072D9AA /* SystemConfiguration.framework in Frameworks */ = {isa = PBXBuildFile; fileRef = 8D3DDC691A5BF9D1006203E8 /* SystemConfiguration.framework */; };
		8E734BA81B6749AD0072D9AA /* MobileCoreServices.framework in Frameworks */ = {isa = PBXBuildFile; fileRef = 8D3DDC6B1A5BF9DD006203E8 /* MobileCoreServices.framework */; };
		8E734BA91B6749B90072D9AA /* Foundation.framework in Frameworks */ = {isa = PBXBuildFile; fileRef = 8D3DDBF51A5BF000006203E8 /* Foundation.framework */; };
		8E8006C21B304AD100221BDB /* XCTAsyncTestCase.podspec in Resources */ = {isa = PBXBuildFile; fileRef = 8E8006BF1B304AD100221BDB /* XCTAsyncTestCase.podspec */; };
		8E8006C31B304AD100221BDB /* xctestify.sh in Resources */ = {isa = PBXBuildFile; fileRef = 8E8006C01B304AD100221BDB /* xctestify.sh */; };
		8E8006CA1B304B5A00221BDB /* libYuMeSDK.a in Frameworks */ = {isa = PBXBuildFile; fileRef = 8D3DDC701A5BFC3D006203E8 /* libYuMeSDK.a */; };
		A8747A9E1BE0CE19009C75EC /* AVFoundation.framework in Frameworks */ = {isa = PBXBuildFile; fileRef = A8747A9D1BE0CE19009C75EC /* AVFoundation.framework */; };
		A8747AA01BE0CE33009C75EC /* MediaPlayer.framework in Frameworks */ = {isa = PBXBuildFile; fileRef = A8747A9F1BE0CE33009C75EC /* MediaPlayer.framework */; };
		A8747AA21BE0CE50009C75EC /* AdSupport.framework in Frameworks */ = {isa = PBXBuildFile; fileRef = A8747AA11BE0CE50009C75EC /* AdSupport.framework */; };
		A8747AA31BE0D05A009C75EC /* AdSupport.framework in Frameworks */ = {isa = PBXBuildFile; fileRef = A8747AA11BE0CE50009C75EC /* AdSupport.framework */; };
		A8747AA41BE0D063009C75EC /* MediaPlayer.framework in Frameworks */ = {isa = PBXBuildFile; fileRef = A8747A9F1BE0CE33009C75EC /* MediaPlayer.framework */; };
		A8747AA51BE0D06D009C75EC /* AVFoundation.framework in Frameworks */ = {isa = PBXBuildFile; fileRef = A8747A9D1BE0CE19009C75EC /* AVFoundation.framework */; };
		A8747AA61BE0D076009C75EC /* CoreTelephony.framework in Frameworks */ = {isa = PBXBuildFile; fileRef = A8C244491BC7E89300A30AFC /* CoreTelephony.framework */; };
		A8747AA71BE0D080009C75EC /* CoreMotion.framework in Frameworks */ = {isa = PBXBuildFile; fileRef = A8C244471BC7E88600A30AFC /* CoreMotion.framework */; };
		A8747AB51BE0E8C6009C75EC /* FeatureTests.m in Sources */ = {isa = PBXBuildFile; fileRef = 8EE804FB1B709638004F48BD /* FeatureTests.m */; };
		A8747AB61BE0E8C6009C75EC /* Init.m in Sources */ = {isa = PBXBuildFile; fileRef = 8E8006C41B304B3200221BDB /* Init.m */; };
		A8747AB71BE0E8C6009C75EC /* DeInit.m in Sources */ = {isa = PBXBuildFile; fileRef = 8EB5F5541B6A4531004EA8D2 /* DeInit.m */; };
		A8747AB81BE0E8C6009C75EC /* GetParams.m in Sources */ = {isa = PBXBuildFile; fileRef = 8EB5F5561B6A46B9004EA8D2 /* GetParams.m */; };
		A8747AB91BE0E8C6009C75EC /* ModParams.m in Sources */ = {isa = PBXBuildFile; fileRef = 8EB5F5571B6A46B9004EA8D2 /* ModParams.m */; };
		A8747ABA1BE0E8C6009C75EC /* ShowAdStreaming.m in Sources */ = {isa = PBXBuildFile; fileRef = 8EB5F55F1B6A49FA004EA8D2 /* ShowAdStreaming.m */; };
		A8747ABB1BE0E8C6009C75EC /* StopAd.m in Sources */ = {isa = PBXBuildFile; fileRef = 8EB5F5601B6A49FA004EA8D2 /* StopAd.m */; };
		A8747ABC1BE0E8C6009C75EC /* ClearCookies.m in Sources */ = {isa = PBXBuildFile; fileRef = 8EB5F55A1B6A49FA004EA8D2 /* ClearCookies.m */; };
		A8747ABD1BE0E8C6009C75EC /* SetCBT.m in Sources */ = {isa = PBXBuildFile; fileRef = 8EB5F55E1B6A49FA004EA8D2 /* SetCBT.m */; };
		A8747ABE1BE0E8C6009C75EC /* HandleEvent.m in Sources */ = {isa = PBXBuildFile; fileRef = 8EB5F55B1B6A49FA004EA8D2 /* HandleEvent.m */; };
		A8747ABF1BE0E8C6009C75EC /* IsAdAvailability.m in Sources */ = {isa = PBXBuildFile; fileRef = 8EB5F55D1B6A49FA004EA8D2 /* IsAdAvailability.m */; };
		A8747AC01BE0E8C6009C75EC /* InitAd.m in Sources */ = {isa = PBXBuildFile; fileRef = 8EB5F55C1B6A49FA004EA8D2 /* InitAd.m */; };
		A8747AC11BE0E8C6009C75EC /* ShowAd.m in Sources */ = {isa = PBXBuildFile; fileRef = 8E7D6D481B32903D00BA7A25 /* ShowAd.m */; };
		A8747AC21BE0E8C6009C75EC /* SetCacheEnabled.m in Sources */ = {isa = PBXBuildFile; fileRef = 8EB5F5681B6A4FA9004EA8D2 /* SetCacheEnabled.m */; };
		A8747AC31BE0E8C6009C75EC /* IsCacheEnabled.m in Sources */ = {isa = PBXBuildFile; fileRef = 8EB5F5711B6A50A1004EA8D2 /* IsCacheEnabled.m */; };
		A8747AC41BE0E8C6009C75EC /* IsAutoPFEnabled.m in Sources */ = {isa = PBXBuildFile; fileRef = 8EB5F5701B6A50A1004EA8D2 /* IsAutoPFEnabled.m */; };
		A8747AC51BE0E8C6009C75EC /* ClearCache.m in Sources */ = {isa = PBXBuildFile; fileRef = 8EB5F56B1B6A50A1004EA8D2 /* ClearCache.m */; };
		A8747AC61BE0E8C6009C75EC /* PauseDownload.m in Sources */ = {isa = PBXBuildFile; fileRef = 8EB5F5721B6A50A1004EA8D2 /* PauseDownload.m */; };
		A8747AC71BE0E8C6009C75EC /* ResumeDownload.m in Sources */ = {isa = PBXBuildFile; fileRef = 8EB5F5731B6A50A1004EA8D2 /* ResumeDownload.m */; };
		A8747AC81BE0E8C6009C75EC /* AbortDownload.m in Sources */ = {isa = PBXBuildFile; fileRef = 8EB5F56A1B6A50A1004EA8D2 /* AbortDownload.m */; };
		A8747AC91BE0E8C6009C75EC /* GetDownloadStatus.m in Sources */ = {isa = PBXBuildFile; fileRef = 8EB5F56E1B6A50A1004EA8D2 /* GetDownloadStatus.m */; };
		A8747ACA1BE0E8C6009C75EC /* GetDownloadPercentage.m in Sources */ = {isa = PBXBuildFile; fileRef = 8EB5F56D1B6A50A1004EA8D2 /* GetDownloadPercentage.m */; };
		A8747ACB1BE0E8C6009C75EC /* GetVersion.m in Sources */ = {isa = PBXBuildFile; fileRef = 8EB5F56F1B6A50A1004EA8D2 /* GetVersion.m */; };
		A8747ACC1BE0E8C6009C75EC /* SetLogLevel.m in Sources */ = {isa = PBXBuildFile; fileRef = 8EB5F5741B6A50A1004EA8D2 /* SetLogLevel.m */; };
		A8747ACD1BE0E8C6009C75EC /* GeneralCases.m in Sources */ = {isa = PBXBuildFile; fileRef = 8EB5F56C1B6A50A1004EA8D2 /* GeneralCases.m */; };
		A8747ACE1BE0E8C6009C75EC /* YuMeUnitTestUtils.m in Sources */ = {isa = PBXBuildFile; fileRef = 8E8006C61B304B3200221BDB /* YuMeUnitTestUtils.m */; };
		A8747ACF1BE0E8C6009C75EC /* XCTAsyncTestCase.m in Sources */ = {isa = PBXBuildFile; fileRef = 8E8006BE1B304AD100221BDB /* XCTAsyncTestCase.m */; };
		A8C244481BC7E88600A30AFC /* CoreMotion.framework in Frameworks */ = {isa = PBXBuildFile; fileRef = A8C244471BC7E88600A30AFC /* CoreMotion.framework */; };
		A8C2444A1BC7E89300A30AFC /* CoreTelephony.framework in Frameworks */ = {isa = PBXBuildFile; fileRef = A8C244491BC7E89300A30AFC /* CoreTelephony.framework */; };
/* End PBXBuildFile section */

/* Begin PBXContainerItemProxy section */
		8E8006B81B304A7000221BDB /* PBXContainerItemProxy */ = {
			isa = PBXContainerItemProxy;
			containerPortal = 8D3DDBEA1A5BF000006203E8 /* Project object */;
			proxyType = 1;
			remoteGlobalIDString = 8D3DDBF11A5BF000006203E8;
			remoteInfo = YuMeZISTestApp;
		};
/* End PBXContainerItemProxy section */

/* Begin PBXFileReference section */
		1C46205DD0F98E9B67CB697A /* libPods-Tests.a */ = {isa = PBXFileReference; explicitFileType = archive.ar; includeInIndex = 0; path = "libPods-Tests.a"; sourceTree = BUILT_PRODUCTS_DIR; };
		8D3DDBF21A5BF000006203E8 /* YuMeZISTestApp.app */ = {isa = PBXFileReference; explicitFileType = wrapper.application; includeInIndex = 0; path = YuMeZISTestApp.app; sourceTree = BUILT_PRODUCTS_DIR; };
		8D3DDBF51A5BF000006203E8 /* Foundation.framework */ = {isa = PBXFileReference; lastKnownFileType = wrapper.framework; name = Foundation.framework; path = System/Library/Frameworks/Foundation.framework; sourceTree = SDKROOT; };
		8D3DDBF71A5BF000006203E8 /* CoreGraphics.framework */ = {isa = PBXFileReference; lastKnownFileType = wrapper.framework; name = CoreGraphics.framework; path = System/Library/Frameworks/CoreGraphics.framework; sourceTree = SDKROOT; };
		8D3DDBF91A5BF000006203E8 /* UIKit.framework */ = {isa = PBXFileReference; lastKnownFileType = wrapper.framework; name = UIKit.framework; path = System/Library/Frameworks/UIKit.framework; sourceTree = SDKROOT; };
		8D3DDBFD1A5BF000006203E8 /* YuMeZISTestApp-Info.plist */ = {isa = PBXFileReference; lastKnownFileType = text.plist.xml; path = "YuMeZISTestApp-Info.plist"; sourceTree = "<group>"; };
		8D3DDBFF1A5BF000006203E8 /* en */ = {isa = PBXFileReference; lastKnownFileType = text.plist.strings; name = en; path = en.lproj/InfoPlist.strings; sourceTree = "<group>"; };
		8D3DDC011A5BF000006203E8 /* main.m */ = {isa = PBXFileReference; lastKnownFileType = sourcecode.c.objc; path = main.m; sourceTree = "<group>"; };
		8D3DDC031A5BF000006203E8 /* YuMeZISTestApp-Prefix.pch */ = {isa = PBXFileReference; lastKnownFileType = sourcecode.c.h; path = "YuMeZISTestApp-Prefix.pch"; sourceTree = "<group>"; };
		8D3DDC071A5BF000006203E8 /* Images.xcassets */ = {isa = PBXFileReference; lastKnownFileType = folder.assetcatalog; path = Images.xcassets; sourceTree = "<group>"; };
		8D3DDC241A5BF7EA006203E8 /* YuMeAboutViewController.h */ = {isa = PBXFileReference; fileEncoding = 4; lastKnownFileType = sourcecode.c.h; name = YuMeAboutViewController.h; path = Src/YuMeAboutViewController.h; sourceTree = "<group>"; };
		8D3DDC251A5BF7EA006203E8 /* YuMeAboutViewController.m */ = {isa = PBXFileReference; fileEncoding = 4; lastKnownFileType = sourcecode.c.objc; name = YuMeAboutViewController.m; path = Src/YuMeAboutViewController.m; sourceTree = "<group>"; };
		8D3DDC261A5BF7EA006203E8 /* YuMeAdViewDelegate.h */ = {isa = PBXFileReference; fileEncoding = 4; lastKnownFileType = sourcecode.c.h; name = YuMeAdViewDelegate.h; path = Src/YuMeAdViewDelegate.h; sourceTree = "<group>"; };
		8D3DDC271A5BF7EA006203E8 /* YuMeAppConstants.h */ = {isa = PBXFileReference; fileEncoding = 4; lastKnownFileType = sourcecode.c.h; name = YuMeAppConstants.h; path = Src/YuMeAppConstants.h; sourceTree = "<group>"; };
		8D3DDC281A5BF7EA006203E8 /* YuMeAppDelegate.h */ = {isa = PBXFileReference; fileEncoding = 4; lastKnownFileType = sourcecode.c.h; name = YuMeAppDelegate.h; path = Src/YuMeAppDelegate.h; sourceTree = "<group>"; };
		8D3DDC291A5BF7EA006203E8 /* YuMeAppDelegate.m */ = {isa = PBXFileReference; fileEncoding = 4; lastKnownFileType = sourcecode.c.objc; name = YuMeAppDelegate.m; path = Src/YuMeAppDelegate.m; sourceTree = "<group>"; };
		8D3DDC2A1A5BF7EA006203E8 /* YuMeAppSettings.h */ = {isa = PBXFileReference; fileEncoding = 4; lastKnownFileType = sourcecode.c.h; name = YuMeAppSettings.h; path = Src/YuMeAppSettings.h; sourceTree = "<group>"; };
		8D3DDC2B1A5BF7EA006203E8 /* YuMeAppSettings.m */ = {isa = PBXFileReference; fileEncoding = 4; lastKnownFileType = sourcecode.c.objc; name = YuMeAppSettings.m; path = Src/YuMeAppSettings.m; sourceTree = "<group>"; };
		8D3DDC2C1A5BF7EA006203E8 /* YuMeAppUtils.h */ = {isa = PBXFileReference; fileEncoding = 4; lastKnownFileType = sourcecode.c.h; name = YuMeAppUtils.h; path = Src/YuMeAppUtils.h; sourceTree = "<group>"; };
		8D3DDC2D1A5BF7EA006203E8 /* YuMeAppUtils.m */ = {isa = PBXFileReference; fileEncoding = 4; lastKnownFileType = sourcecode.c.objc; name = YuMeAppUtils.m; path = Src/YuMeAppUtils.m; sourceTree = "<group>"; };
		8D3DDC2E1A5BF7EA006203E8 /* YuMeInterface.h */ = {isa = PBXFileReference; fileEncoding = 4; lastKnownFileType = sourcecode.c.h; name = YuMeInterface.h; path = Src/YuMeInterface.h; sourceTree = "<group>"; };
		8D3DDC2F1A5BF7EA006203E8 /* YuMeInterface.m */ = {isa = PBXFileReference; fileEncoding = 4; lastKnownFileType = sourcecode.c.objc; name = YuMeInterface.m; path = Src/YuMeInterface.m; sourceTree = "<group>"; };
		8D3DDC301A5BF7EA006203E8 /* YuMeLogViewController.h */ = {isa = PBXFileReference; fileEncoding = 4; lastKnownFileType = sourcecode.c.h; name = YuMeLogViewController.h; path = Src/YuMeLogViewController.h; sourceTree = "<group>"; };
		8D3DDC311A5BF7EA006203E8 /* YuMeLogViewController.m */ = {isa = PBXFileReference; fileEncoding = 4; lastKnownFileType = sourcecode.c.objc; name = YuMeLogViewController.m; path = Src/YuMeLogViewController.m; sourceTree = "<group>"; };
		8D3DDC321A5BF7EA006203E8 /* YuMeMPlayerController.h */ = {isa = PBXFileReference; fileEncoding = 4; lastKnownFileType = sourcecode.c.h; name = YuMeMPlayerController.h; path = Src/YuMeMPlayerController.h; sourceTree = "<group>"; };
		8D3DDC331A5BF7EA006203E8 /* YuMeMPlayerController.m */ = {isa = PBXFileReference; fileEncoding = 4; lastKnownFileType = sourcecode.c.objc; name = YuMeMPlayerController.m; path = Src/YuMeMPlayerController.m; sourceTree = "<group>"; };
		8D3DDC341A5BF7EA006203E8 /* YuMeSettingsViewController.h */ = {isa = PBXFileReference; fileEncoding = 4; lastKnownFileType = sourcecode.c.h; name = YuMeSettingsViewController.h; path = Src/YuMeSettingsViewController.h; sourceTree = "<group>"; };
		8D3DDC351A5BF7EA006203E8 /* YuMeSettingsViewController.m */ = {isa = PBXFileReference; fileEncoding = 4; lastKnownFileType = sourcecode.c.objc; name = YuMeSettingsViewController.m; path = Src/YuMeSettingsViewController.m; sourceTree = "<group>"; };
		8D3DDC361A5BF7EA006203E8 /* YuMeSizeViewController.h */ = {isa = PBXFileReference; fileEncoding = 4; lastKnownFileType = sourcecode.c.h; name = YuMeSizeViewController.h; path = Src/YuMeSizeViewController.h; sourceTree = "<group>"; };
		8D3DDC371A5BF7EA006203E8 /* YuMeSizeViewController.m */ = {isa = PBXFileReference; fileEncoding = 4; lastKnownFileType = sourcecode.c.objc; name = YuMeSizeViewController.m; path = Src/YuMeSizeViewController.m; sourceTree = "<group>"; };
		8D3DDC381A5BF7EA006203E8 /* YuMeToast.h */ = {isa = PBXFileReference; fileEncoding = 4; lastKnownFileType = sourcecode.c.h; name = YuMeToast.h; path = Src/YuMeToast.h; sourceTree = "<group>"; };
		8D3DDC391A5BF7EA006203E8 /* YuMeToast.m */ = {isa = PBXFileReference; fileEncoding = 4; lastKnownFileType = sourcecode.c.objc; name = YuMeToast.m; path = Src/YuMeToast.m; sourceTree = "<group>"; };
		8D3DDC3A1A5BF7EA006203E8 /* YuMeVideoView.h */ = {isa = PBXFileReference; fileEncoding = 4; lastKnownFileType = sourcecode.c.h; name = YuMeVideoView.h; path = Src/YuMeVideoView.h; sourceTree = "<group>"; };
		8D3DDC3B1A5BF7EA006203E8 /* YuMeVideoView.m */ = {isa = PBXFileReference; fileEncoding = 4; lastKnownFileType = sourcecode.c.objc; name = YuMeVideoView.m; path = Src/YuMeVideoView.m; sourceTree = "<group>"; };
		8D3DDC3C1A5BF7EA006203E8 /* YuMeViewController.h */ = {isa = PBXFileReference; fileEncoding = 4; lastKnownFileType = sourcecode.c.h; name = YuMeViewController.h; path = Src/YuMeViewController.h; sourceTree = "<group>"; };
		8D3DDC3D1A5BF7EA006203E8 /* YuMeViewController.m */ = {isa = PBXFileReference; fileEncoding = 4; lastKnownFileType = sourcecode.c.objc; name = YuMeViewController.m; path = Src/YuMeViewController.m; sourceTree = "<group>"; };
		8D3DDC531A5BF8BC006203E8 /* Default-568h@2x.png */ = {isa = PBXFileReference; lastKnownFileType = image.png; name = "Default-568h@2x.png"; path = "Assets/Default-568h@2x.png"; sourceTree = "<group>"; };
		8D3DDC541A5BF8BC006203E8 /* Default.png */ = {isa = PBXFileReference; lastKnownFileType = image.png; name = Default.png; path = Assets/Default.png; sourceTree = "<group>"; };
		8D3DDC551A5BF8BC006203E8 /* Default@2x.png */ = {isa = PBXFileReference; lastKnownFileType = image.png; name = "Default@2x.png"; path = "Assets/Default@2x.png"; sourceTree = "<group>"; };
		8D3DDC561A5BF8BC006203E8 /* icon_57x57.png */ = {isa = PBXFileReference; lastKnownFileType = image.png; name = icon_57x57.png; path = Assets/icon_57x57.png; sourceTree = "<group>"; };
		8D3DDC571A5BF8BC006203E8 /* icon.png */ = {isa = PBXFileReference; lastKnownFileType = image.png; name = icon.png; path = Assets/icon.png; sourceTree = "<group>"; };
		8D3DDC581A5BF8BC006203E8 /* info.png */ = {isa = PBXFileReference; lastKnownFileType = image.png; name = info.png; path = Assets/info.png; sourceTree = "<group>"; };
		8D3DDC591A5BF8BC006203E8 /* one.m4v */ = {isa = PBXFileReference; lastKnownFileType = file; name = one.m4v; path = Assets/one.m4v; sourceTree = "<group>"; };
		8D3DDC5A1A5BF8BC006203E8 /* two.m4v */ = {isa = PBXFileReference; lastKnownFileType = file; name = two.m4v; path = Assets/two.m4v; sourceTree = "<group>"; };
		8D3DDC5B1A5BF8BC006203E8 /* yume_logo.png */ = {isa = PBXFileReference; lastKnownFileType = image.png; name = yume_logo.png; path = Assets/yume_logo.png; sourceTree = "<group>"; };
		8D3DDC651A5BF9A9006203E8 /* EventKit.framework */ = {isa = PBXFileReference; lastKnownFileType = wrapper.framework; name = EventKit.framework; path = System/Library/Frameworks/EventKit.framework; sourceTree = SDKROOT; };
		8D3DDC661A5BF9A9006203E8 /* EventKitUI.framework */ = {isa = PBXFileReference; lastKnownFileType = wrapper.framework; name = EventKitUI.framework; path = System/Library/Frameworks/EventKitUI.framework; sourceTree = SDKROOT; };
		8D3DDC691A5BF9D1006203E8 /* SystemConfiguration.framework */ = {isa = PBXFileReference; lastKnownFileType = wrapper.framework; name = SystemConfiguration.framework; path = System/Library/Frameworks/SystemConfiguration.framework; sourceTree = SDKROOT; };
		8D3DDC6B1A5BF9DD006203E8 /* MobileCoreServices.framework */ = {isa = PBXFileReference; lastKnownFileType = wrapper.framework; name = MobileCoreServices.framework; path = System/Library/Frameworks/MobileCoreServices.framework; sourceTree = SDKROOT; };
		8D3DDC701A5BFC3D006203E8 /* libYuMeSDK.a */ = {isa = PBXFileReference; lastKnownFileType = archive.ar; path = libYuMeSDK.a; sourceTree = "<group>"; };
		8D3DDC711A5BFC3D006203E8 /* YuMeSDKInterface.h */ = {isa = PBXFileReference; fileEncoding = 4; lastKnownFileType = sourcecode.c.h; path = YuMeSDKInterface.h; sourceTree = "<group>"; };
		8D3DDC721A5BFC3D006203E8 /* YuMeTypes.h */ = {isa = PBXFileReference; fileEncoding = 4; lastKnownFileType = sourcecode.c.h; path = YuMeTypes.h; sourceTree = "<group>"; };
		8D50B0D61A5CF86C006BCA88 /* en */ = {isa = PBXFileReference; lastKnownFileType = file.storyboard; name = en; path = en.lproj/Main_iPad.storyboard; sourceTree = "<group>"; };
		8D50B0D81A5CF86C006BCA88 /* en */ = {isa = PBXFileReference; lastKnownFileType = file.storyboard; name = en; path = en.lproj/Main_iPhone.storyboard; sourceTree = "<group>"; };
		8D92AAAF1A9E09F900A58E28 /* YuMePresentedViewController.h */ = {isa = PBXFileReference; fileEncoding = 4; lastKnownFileType = sourcecode.c.h; name = YuMePresentedViewController.h; path = Src/YuMePresentedViewController.h; sourceTree = "<group>"; };
		8D92AAB01A9E09F900A58E28 /* YuMePresentedViewController.m */ = {isa = PBXFileReference; fileEncoding = 4; lastKnownFileType = sourcecode.c.objc; name = YuMePresentedViewController.m; path = Src/YuMePresentedViewController.m; sourceTree = "<group>"; };
		8E7D6D481B32903D00BA7A25 /* ShowAd.m */ = {isa = PBXFileReference; fileEncoding = 4; lastKnownFileType = sourcecode.c.objc; path = ShowAd.m; sourceTree = "<group>"; };
		8E8006B21B304A7000221BDB /* YuMeZISTests.xctest */ = {isa = PBXFileReference; explicitFileType = wrapper.cfbundle; includeInIndex = 0; path = YuMeZISTests.xctest; sourceTree = BUILT_PRODUCTS_DIR; };
		8E8006B51B304A7000221BDB /* Info.plist */ = {isa = PBXFileReference; lastKnownFileType = text.plist.xml; path = Info.plist; sourceTree = "<group>"; };
		8E8006BD1B304AD100221BDB /* XCTAsyncTestCase.h */ = {isa = PBXFileReference; fileEncoding = 4; lastKnownFileType = sourcecode.c.h; path = XCTAsyncTestCase.h; sourceTree = "<group>"; };
		8E8006BE1B304AD100221BDB /* XCTAsyncTestCase.m */ = {isa = PBXFileReference; fileEncoding = 4; lastKnownFileType = sourcecode.c.objc; path = XCTAsyncTestCase.m; sourceTree = "<group>"; };
		8E8006BF1B304AD100221BDB /* XCTAsyncTestCase.podspec */ = {isa = PBXFileReference; fileEncoding = 4; lastKnownFileType = text; path = XCTAsyncTestCase.podspec; sourceTree = "<group>"; };
		8E8006C01B304AD100221BDB /* xctestify.sh */ = {isa = PBXFileReference; fileEncoding = 4; lastKnownFileType = text.script.sh; path = xctestify.sh; sourceTree = "<group>"; };
		8E8006C41B304B3200221BDB /* Init.m */ = {isa = PBXFileReference; fileEncoding = 4; lastKnownFileType = sourcecode.c.objc; path = Init.m; sourceTree = "<group>"; };
		8E8006C51B304B3200221BDB /* YuMeUnitTestUtils.h */ = {isa = PBXFileReference; fileEncoding = 4; lastKnownFileType = sourcecode.c.h; path = YuMeUnitTestUtils.h; sourceTree = "<group>"; };
		8E8006C61B304B3200221BDB /* YuMeUnitTestUtils.m */ = {isa = PBXFileReference; fileEncoding = 4; lastKnownFileType = sourcecode.c.objc; path = YuMeUnitTestUtils.m; sourceTree = "<group>"; };
		8E9733031B26F07B006EF8BC /* SenTestingKit.framework */ = {isa = PBXFileReference; lastKnownFileType = wrapper.framework; name = SenTestingKit.framework; path = Library/Frameworks/SenTestingKit.framework; sourceTree = DEVELOPER_DIR; };
		8EB5F5541B6A4531004EA8D2 /* DeInit.m */ = {isa = PBXFileReference; fileEncoding = 4; lastKnownFileType = sourcecode.c.objc; path = DeInit.m; sourceTree = "<group>"; };
		8EB5F5561B6A46B9004EA8D2 /* GetParams.m */ = {isa = PBXFileReference; fileEncoding = 4; lastKnownFileType = sourcecode.c.objc; path = GetParams.m; sourceTree = "<group>"; };
		8EB5F5571B6A46B9004EA8D2 /* ModParams.m */ = {isa = PBXFileReference; fileEncoding = 4; lastKnownFileType = sourcecode.c.objc; path = ModParams.m; sourceTree = "<group>"; };
		8EB5F55A1B6A49FA004EA8D2 /* ClearCookies.m */ = {isa = PBXFileReference; fileEncoding = 4; lastKnownFileType = sourcecode.c.objc; path = ClearCookies.m; sourceTree = "<group>"; };
		8EB5F55B1B6A49FA004EA8D2 /* HandleEvent.m */ = {isa = PBXFileReference; fileEncoding = 4; lastKnownFileType = sourcecode.c.objc; path = HandleEvent.m; sourceTree = "<group>"; };
		8EB5F55C1B6A49FA004EA8D2 /* InitAd.m */ = {isa = PBXFileReference; fileEncoding = 4; lastKnownFileType = sourcecode.c.objc; path = InitAd.m; sourceTree = "<group>"; };
		8EB5F55D1B6A49FA004EA8D2 /* IsAdAvailability.m */ = {isa = PBXFileReference; fileEncoding = 4; lastKnownFileType = sourcecode.c.objc; path = IsAdAvailability.m; sourceTree = "<group>"; };
		8EB5F55E1B6A49FA004EA8D2 /* SetCBT.m */ = {isa = PBXFileReference; fileEncoding = 4; lastKnownFileType = sourcecode.c.objc; path = SetCBT.m; sourceTree = "<group>"; };
		8EB5F55F1B6A49FA004EA8D2 /* ShowAdStreaming.m */ = {isa = PBXFileReference; fileEncoding = 4; lastKnownFileType = sourcecode.c.objc; path = ShowAdStreaming.m; sourceTree = "<group>"; };
		8EB5F5601B6A49FA004EA8D2 /* StopAd.m */ = {isa = PBXFileReference; fileEncoding = 4; lastKnownFileType = sourcecode.c.objc; path = StopAd.m; sourceTree = "<group>"; };
		8EB5F5681B6A4FA9004EA8D2 /* SetCacheEnabled.m */ = {isa = PBXFileReference; fileEncoding = 4; lastKnownFileType = sourcecode.c.objc; path = SetCacheEnabled.m; sourceTree = "<group>"; };
		8EB5F56A1B6A50A1004EA8D2 /* AbortDownload.m */ = {isa = PBXFileReference; fileEncoding = 4; lastKnownFileType = sourcecode.c.objc; path = AbortDownload.m; sourceTree = "<group>"; };
		8EB5F56B1B6A50A1004EA8D2 /* ClearCache.m */ = {isa = PBXFileReference; fileEncoding = 4; lastKnownFileType = sourcecode.c.objc; path = ClearCache.m; sourceTree = "<group>"; };
		8EB5F56C1B6A50A1004EA8D2 /* GeneralCases.m */ = {isa = PBXFileReference; fileEncoding = 4; lastKnownFileType = sourcecode.c.objc; path = GeneralCases.m; sourceTree = "<group>"; };
		8EB5F56D1B6A50A1004EA8D2 /* GetDownloadPercentage.m */ = {isa = PBXFileReference; fileEncoding = 4; lastKnownFileType = sourcecode.c.objc; path = GetDownloadPercentage.m; sourceTree = "<group>"; };
		8EB5F56E1B6A50A1004EA8D2 /* GetDownloadStatus.m */ = {isa = PBXFileReference; fileEncoding = 4; lastKnownFileType = sourcecode.c.objc; path = GetDownloadStatus.m; sourceTree = "<group>"; };
		8EB5F56F1B6A50A1004EA8D2 /* GetVersion.m */ = {isa = PBXFileReference; fileEncoding = 4; lastKnownFileType = sourcecode.c.objc; path = GetVersion.m; sourceTree = "<group>"; };
		8EB5F5701B6A50A1004EA8D2 /* IsAutoPFEnabled.m */ = {isa = PBXFileReference; fileEncoding = 4; lastKnownFileType = sourcecode.c.objc; path = IsAutoPFEnabled.m; sourceTree = "<group>"; };
		8EB5F5711B6A50A1004EA8D2 /* IsCacheEnabled.m */ = {isa = PBXFileReference; fileEncoding = 4; lastKnownFileType = sourcecode.c.objc; path = IsCacheEnabled.m; sourceTree = "<group>"; };
		8EB5F5721B6A50A1004EA8D2 /* PauseDownload.m */ = {isa = PBXFileReference; fileEncoding = 4; lastKnownFileType = sourcecode.c.objc; path = PauseDownload.m; sourceTree = "<group>"; };
		8EB5F5731B6A50A1004EA8D2 /* ResumeDownload.m */ = {isa = PBXFileReference; fileEncoding = 4; lastKnownFileType = sourcecode.c.objc; path = ResumeDownload.m; sourceTree = "<group>"; };
		8EB5F5741B6A50A1004EA8D2 /* SetLogLevel.m */ = {isa = PBXFileReference; fileEncoding = 4; lastKnownFileType = sourcecode.c.objc; path = SetLogLevel.m; sourceTree = "<group>"; };
		8EE804FB1B709638004F48BD /* FeatureTests.m */ = {isa = PBXFileReference; fileEncoding = 4; lastKnownFileType = sourcecode.c.objc; path = FeatureTests.m; sourceTree = "<group>"; };
		9A6EC13678357C9B9691D8CD /* Foundation.framework */ = {isa = PBXFileReference; lastKnownFileType = wrapper.framework; name = Foundation.framework; path = Platforms/iPhoneOS.platform/Developer/SDKs/iPhoneOS7.1.sdk/System/Library/Frameworks/Foundation.framework; sourceTree = DEVELOPER_DIR; };
		A8747A9D1BE0CE19009C75EC /* AVFoundation.framework */ = {isa = PBXFileReference; lastKnownFileType = wrapper.framework; name = AVFoundation.framework; path = System/Library/Frameworks/AVFoundation.framework; sourceTree = SDKROOT; };
		A8747A9F1BE0CE33009C75EC /* MediaPlayer.framework */ = {isa = PBXFileReference; lastKnownFileType = wrapper.framework; name = MediaPlayer.framework; path = System/Library/Frameworks/MediaPlayer.framework; sourceTree = SDKROOT; };
		A8747AA11BE0CE50009C75EC /* AdSupport.framework */ = {isa = PBXFileReference; lastKnownFileType = wrapper.framework; name = AdSupport.framework; path = System/Library/Frameworks/AdSupport.framework; sourceTree = SDKROOT; };
		A8C244471BC7E88600A30AFC /* CoreMotion.framework */ = {isa = PBXFileReference; lastKnownFileType = wrapper.framework; name = CoreMotion.framework; path = System/Library/Frameworks/CoreMotion.framework; sourceTree = SDKROOT; };
		A8C244491BC7E89300A30AFC /* CoreTelephony.framework */ = {isa = PBXFileReference; lastKnownFileType = wrapper.framework; name = CoreTelephony.framework; path = System/Library/Frameworks/CoreTelephony.framework; sourceTree = SDKROOT; };
/* End PBXFileReference section */

/* Begin PBXFrameworksBuildPhase section */
		8D3DDBEF1A5BF000006203E8 /* Frameworks */ = {
			isa = PBXFrameworksBuildPhase;
			buildActionMask = 2147483647;
			files = (
				A8747AA21BE0CE50009C75EC /* AdSupport.framework in Frameworks */,
				A8747AA01BE0CE33009C75EC /* MediaPlayer.framework in Frameworks */,
				A8747A9E1BE0CE19009C75EC /* AVFoundation.framework in Frameworks */,
				A8C2444A1BC7E89300A30AFC /* CoreTelephony.framework in Frameworks */,
				A8C244481BC7E88600A30AFC /* CoreMotion.framework in Frameworks */,
				8D3DDC741A5BFC3D006203E8 /* libYuMeSDK.a in Frameworks */,
				8D3DDC671A5BF9A9006203E8 /* EventKit.framework in Frameworks */,
				8D3DDC681A5BF9A9006203E8 /* EventKitUI.framework in Frameworks */,
				8D3DDBF81A5BF000006203E8 /* CoreGraphics.framework in Frameworks */,
				8D3DDBFA1A5BF000006203E8 /* UIKit.framework in Frameworks */,
				8D3DDBF61A5BF000006203E8 /* Foundation.framework in Frameworks */,
				8D3DDC6A1A5BF9D2006203E8 /* SystemConfiguration.framework in Frameworks */,
				8D3DDC6C1A5BF9DD006203E8 /* MobileCoreServices.framework in Frameworks */,
			);
			runOnlyForDeploymentPostprocessing = 0;
		};
		8E8006AF1B304A7000221BDB /* Frameworks */ = {
			isa = PBXFrameworksBuildPhase;
			buildActionMask = 2147483647;
			files = (
				A8747AA71BE0D080009C75EC /* CoreMotion.framework in Frameworks */,
				A8747AA61BE0D076009C75EC /* CoreTelephony.framework in Frameworks */,
				A8747AA51BE0D06D009C75EC /* AVFoundation.framework in Frameworks */,
				A8747AA41BE0D063009C75EC /* MediaPlayer.framework in Frameworks */,
				A8747AA31BE0D05A009C75EC /* AdSupport.framework in Frameworks */,
				8E734BA91B6749B90072D9AA /* Foundation.framework in Frameworks */,
				8E734BA81B6749AD0072D9AA /* MobileCoreServices.framework in Frameworks */,
				8E734BA71B6749A50072D9AA /* SystemConfiguration.framework in Frameworks */,
				8E734BA61B6749880072D9AA /* CoreGraphics.framework in Frameworks */,
				8E734BA51B67497E0072D9AA /* UIKit.framework in Frameworks */,
				8E734BA31B67496B0072D9AA /* EventKit.framework in Frameworks */,
				8E734BA41B67496B0072D9AA /* EventKitUI.framework in Frameworks */,
				8E8006CA1B304B5A00221BDB /* libYuMeSDK.a in Frameworks */,
			);
			runOnlyForDeploymentPostprocessing = 0;
		};
/* End PBXFrameworksBuildPhase section */

/* Begin PBXGroup section */
		545EB2E788609F7F6660F95D /* iOS */ = {
			isa = PBXGroup;
			children = (
				9A6EC13678357C9B9691D8CD /* Foundation.framework */,
			);
			name = iOS;
			sourceTree = "<group>";
		};
		8D3DDBE91A5BF000006203E8 = {
			isa = PBXGroup;
			children = (
				8D3DDC6D1A5BFC3C006203E8 /* libYuMeSDK */,
				8D3DDBFB1A5BF000006203E8 /* ZIS_TestApp */,
				8E8006B31B304A7000221BDB /* YuMeZISTests */,
				8D3DDBF41A5BF000006203E8 /* Frameworks */,
				8D3DDBF31A5BF000006203E8 /* Products */,
			);
			sourceTree = "<group>";
		};
		8D3DDBF31A5BF000006203E8 /* Products */ = {
			isa = PBXGroup;
			children = (
				8D3DDBF21A5BF000006203E8 /* YuMeZISTestApp.app */,
				8E8006B21B304A7000221BDB /* YuMeZISTests.xctest */,
			);
			name = Products;
			sourceTree = "<group>";
		};
		8D3DDBF41A5BF000006203E8 /* Frameworks */ = {
			isa = PBXGroup;
			children = (
				A8747AA11BE0CE50009C75EC /* AdSupport.framework */,
				A8747A9F1BE0CE33009C75EC /* MediaPlayer.framework */,
				A8747A9D1BE0CE19009C75EC /* AVFoundation.framework */,
				A8C244491BC7E89300A30AFC /* CoreTelephony.framework */,
				A8C244471BC7E88600A30AFC /* CoreMotion.framework */,
				8E9733031B26F07B006EF8BC /* SenTestingKit.framework */,
				8D3DDC6B1A5BF9DD006203E8 /* MobileCoreServices.framework */,
				8D3DDC691A5BF9D1006203E8 /* SystemConfiguration.framework */,
				8D3DDC651A5BF9A9006203E8 /* EventKit.framework */,
				8D3DDC661A5BF9A9006203E8 /* EventKitUI.framework */,
				8D3DDBF51A5BF000006203E8 /* Foundation.framework */,
				8D3DDBF71A5BF000006203E8 /* CoreGraphics.framework */,
				8D3DDBF91A5BF000006203E8 /* UIKit.framework */,
				545EB2E788609F7F6660F95D /* iOS */,
				1C46205DD0F98E9B67CB697A /* libPods-Tests.a */,
			);
			name = Frameworks;
			sourceTree = "<group>";
		};
		8D3DDBFB1A5BF000006203E8 /* ZIS_TestApp */ = {
			isa = PBXGroup;
			children = (
				8D3DDC4A1A5BF85A006203E8 /* Src */,
				8D3DDC4B1A5BF867006203E8 /* Assets */,
				8D3DDC4C1A5BF86F006203E8 /* UI */,
				8D3DDBFC1A5BF000006203E8 /* Supporting Files */,
				8D3DDC071A5BF000006203E8 /* Images.xcassets */,
			);
			name = ZIS_TestApp;
			path = YuMeZISTestApp;
			sourceTree = "<group>";
		};
		8D3DDBFC1A5BF000006203E8 /* Supporting Files */ = {
			isa = PBXGroup;
			children = (
				8D3DDBFD1A5BF000006203E8 /* YuMeZISTestApp-Info.plist */,
				8D3DDBFE1A5BF000006203E8 /* InfoPlist.strings */,
				8D3DDC011A5BF000006203E8 /* main.m */,
				8D3DDC031A5BF000006203E8 /* YuMeZISTestApp-Prefix.pch */,
			);
			name = "Supporting Files";
			sourceTree = "<group>";
		};
		8D3DDC4A1A5BF85A006203E8 /* Src */ = {
			isa = PBXGroup;
			children = (
				8D3DDC241A5BF7EA006203E8 /* YuMeAboutViewController.h */,
				8D3DDC251A5BF7EA006203E8 /* YuMeAboutViewController.m */,
				8D3DDC261A5BF7EA006203E8 /* YuMeAdViewDelegate.h */,
				8D3DDC271A5BF7EA006203E8 /* YuMeAppConstants.h */,
				8D3DDC281A5BF7EA006203E8 /* YuMeAppDelegate.h */,
				8D3DDC291A5BF7EA006203E8 /* YuMeAppDelegate.m */,
				8D3DDC2A1A5BF7EA006203E8 /* YuMeAppSettings.h */,
				8D3DDC2B1A5BF7EA006203E8 /* YuMeAppSettings.m */,
				8D3DDC2C1A5BF7EA006203E8 /* YuMeAppUtils.h */,
				8D3DDC2D1A5BF7EA006203E8 /* YuMeAppUtils.m */,
				8D3DDC2E1A5BF7EA006203E8 /* YuMeInterface.h */,
				8D3DDC2F1A5BF7EA006203E8 /* YuMeInterface.m */,
				8D3DDC301A5BF7EA006203E8 /* YuMeLogViewController.h */,
				8D3DDC311A5BF7EA006203E8 /* YuMeLogViewController.m */,
				8D3DDC321A5BF7EA006203E8 /* YuMeMPlayerController.h */,
				8D3DDC331A5BF7EA006203E8 /* YuMeMPlayerController.m */,
				8D3DDC341A5BF7EA006203E8 /* YuMeSettingsViewController.h */,
				8D3DDC351A5BF7EA006203E8 /* YuMeSettingsViewController.m */,
				8D3DDC361A5BF7EA006203E8 /* YuMeSizeViewController.h */,
				8D3DDC371A5BF7EA006203E8 /* YuMeSizeViewController.m */,
				8D3DDC381A5BF7EA006203E8 /* YuMeToast.h */,
				8D3DDC391A5BF7EA006203E8 /* YuMeToast.m */,
				8D3DDC3A1A5BF7EA006203E8 /* YuMeVideoView.h */,
				8D3DDC3B1A5BF7EA006203E8 /* YuMeVideoView.m */,
				8D3DDC3C1A5BF7EA006203E8 /* YuMeViewController.h */,
				8D3DDC3D1A5BF7EA006203E8 /* YuMeViewController.m */,
				8D92AAAF1A9E09F900A58E28 /* YuMePresentedViewController.h */,
				8D92AAB01A9E09F900A58E28 /* YuMePresentedViewController.m */,
			);
			name = Src;
			sourceTree = "<group>";
		};
		8D3DDC4B1A5BF867006203E8 /* Assets */ = {
			isa = PBXGroup;
			children = (
				8D3DDC531A5BF8BC006203E8 /* Default-568h@2x.png */,
				8D3DDC541A5BF8BC006203E8 /* Default.png */,
				8D3DDC551A5BF8BC006203E8 /* Default@2x.png */,
				8D3DDC561A5BF8BC006203E8 /* icon_57x57.png */,
				8D3DDC571A5BF8BC006203E8 /* icon.png */,
				8D3DDC581A5BF8BC006203E8 /* info.png */,
				8D3DDC591A5BF8BC006203E8 /* one.m4v */,
				8D3DDC5A1A5BF8BC006203E8 /* two.m4v */,
				8D3DDC5B1A5BF8BC006203E8 /* yume_logo.png */,
			);
			name = Assets;
			sourceTree = "<group>";
		};
		8D3DDC4C1A5BF86F006203E8 /* UI */ = {
			isa = PBXGroup;
			children = (
				8D50B0D51A5CF86C006BCA88 /* Main_iPad.storyboard */,
				8D50B0D71A5CF86C006BCA88 /* Main_iPhone.storyboard */,
			);
			name = UI;
			sourceTree = "<group>";
		};
		8D3DDC6D1A5BFC3C006203E8 /* libYuMeSDK */ = {
			isa = PBXGroup;
			children = (
				8D3DDC701A5BFC3D006203E8 /* libYuMeSDK.a */,
				8D3DDC711A5BFC3D006203E8 /* YuMeSDKInterface.h */,
				8D3DDC721A5BFC3D006203E8 /* YuMeTypes.h */,
			);
			path = libYuMeSDK;
			sourceTree = "<group>";
		};
		8E8006B31B304A7000221BDB /* YuMeZISTests */ = {
			isa = PBXGroup;
			children = (
				8EE804FD1B70963D004F48BD /* Feature_testcase */,
				8EB5F5521B6A3411004EA8D2 /* API_UseCases */,
				8EB5F5511B6A33FE004EA8D2 /* Common */,
				8EB5F5531B6A4406004EA8D2 /* Conversion-files */,
				8E8006B41B304A7000221BDB /* Supporting Files */,
			);
			path = YuMeZISTests;
			sourceTree = "<group>";
		};
		8E8006B41B304A7000221BDB /* Supporting Files */ = {
			isa = PBXGroup;
			children = (
				8E8006B51B304A7000221BDB /* Info.plist */,
			);
			name = "Supporting Files";
			sourceTree = "<group>";
		};
		8EB5F5511B6A33FE004EA8D2 /* Common */ = {
			isa = PBXGroup;
			children = (
				8E8006C51B304B3200221BDB /* YuMeUnitTestUtils.h */,
				8E8006C61B304B3200221BDB /* YuMeUnitTestUtils.m */,
			);
			name = Common;
			sourceTree = "<group>";
		};
		8EB5F5521B6A3411004EA8D2 /* API_UseCases */ = {
			isa = PBXGroup;
			children = (
				8E8006C41B304B3200221BDB /* Init.m */,
				8EB5F5541B6A4531004EA8D2 /* DeInit.m */,
				8EB5F5561B6A46B9004EA8D2 /* GetParams.m */,
				8EB5F5571B6A46B9004EA8D2 /* ModParams.m */,
				8EB5F55F1B6A49FA004EA8D2 /* ShowAdStreaming.m */,
				8EB5F5601B6A49FA004EA8D2 /* StopAd.m */,
				8EB5F55A1B6A49FA004EA8D2 /* ClearCookies.m */,
				8EB5F55E1B6A49FA004EA8D2 /* SetCBT.m */,
				8EB5F55B1B6A49FA004EA8D2 /* HandleEvent.m */,
				8EB5F55D1B6A49FA004EA8D2 /* IsAdAvailability.m */,
				8EB5F55C1B6A49FA004EA8D2 /* InitAd.m */,
				8E7D6D481B32903D00BA7A25 /* ShowAd.m */,
				8EB5F5681B6A4FA9004EA8D2 /* SetCacheEnabled.m */,
				8EB5F5711B6A50A1004EA8D2 /* IsCacheEnabled.m */,
				8EB5F5701B6A50A1004EA8D2 /* IsAutoPFEnabled.m */,
				8EB5F56B1B6A50A1004EA8D2 /* ClearCache.m */,
				8EB5F5721B6A50A1004EA8D2 /* PauseDownload.m */,
				8EB5F5731B6A50A1004EA8D2 /* ResumeDownload.m */,
				8EB5F56A1B6A50A1004EA8D2 /* AbortDownload.m */,
				8EB5F56E1B6A50A1004EA8D2 /* GetDownloadStatus.m */,
				8EB5F56D1B6A50A1004EA8D2 /* GetDownloadPercentage.m */,
				8EB5F56F1B6A50A1004EA8D2 /* GetVersion.m */,
				8EB5F5741B6A50A1004EA8D2 /* SetLogLevel.m */,
				8EB5F56C1B6A50A1004EA8D2 /* GeneralCases.m */,
			);
			name = API_UseCases;
			sourceTree = "<group>";
		};
		8EB5F5531B6A4406004EA8D2 /* Conversion-files */ = {
			isa = PBXGroup;
			children = (
				8E8006BD1B304AD100221BDB /* XCTAsyncTestCase.h */,
				8E8006BE1B304AD100221BDB /* XCTAsyncTestCase.m */,
				8E8006BF1B304AD100221BDB /* XCTAsyncTestCase.podspec */,
				8E8006C01B304AD100221BDB /* xctestify.sh */,
			);
			name = "Conversion-files";
			sourceTree = "<group>";
		};
		8EE804FD1B70963D004F48BD /* Feature_testcase */ = {
			isa = PBXGroup;
			children = (
				8EE804FB1B709638004F48BD /* FeatureTests.m */,
			);
			name = Feature_testcase;
			sourceTree = "<group>";
		};
/* End PBXGroup section */

/* Begin PBXNativeTarget section */
		8D3DDBF11A5BF000006203E8 /* YuMeZISTestApp */ = {
			isa = PBXNativeTarget;
			buildConfigurationList = 8D3DDC1E1A5BF000006203E8 /* Build configuration list for PBXNativeTarget "YuMeZISTestApp" */;
			buildPhases = (
				8D3DDBEE1A5BF000006203E8 /* Sources */,
				8D3DDBEF1A5BF000006203E8 /* Frameworks */,
				8D3DDBF01A5BF000006203E8 /* Resources */,
			);
			buildRules = (
			);
			dependencies = (
			);
			name = YuMeZISTestApp;
			productName = YuMeZISTestApp;
			productReference = 8D3DDBF21A5BF000006203E8 /* YuMeZISTestApp.app */;
			productType = "com.apple.product-type.application";
		};
		8E8006B11B304A7000221BDB /* YuMeZISTests */ = {
			isa = PBXNativeTarget;
			buildConfigurationList = 8E8006BC1B304A7000221BDB /* Build configuration list for PBXNativeTarget "YuMeZISTests" */;
			buildPhases = (
				8E8006AE1B304A7000221BDB /* Sources */,
				8E8006AF1B304A7000221BDB /* Frameworks */,
				8E8006B01B304A7000221BDB /* Resources */,
			);
			buildRules = (
			);
			dependencies = (
				8E8006B91B304A7000221BDB /* PBXTargetDependency */,
			);
			name = YuMeZISTests;
			productName = YuMeZISTests;
			productReference = 8E8006B21B304A7000221BDB /* YuMeZISTests.xctest */;
			productType = "com.apple.product-type.bundle.unit-test";
		};
/* End PBXNativeTarget section */

/* Begin PBXProject section */
		8D3DDBEA1A5BF000006203E8 /* Project object */ = {
			isa = PBXProject;
			attributes = {
				CLASSPREFIX = YuMe;
				LastUpgradeCheck = 0700;
				ORGANIZATIONNAME = YuMe;
				TargetAttributes = {
					8E8006B11B304A7000221BDB = {
						CreatedOnToolsVersion = 6.3.2;
						TestTargetID = 8D3DDBF11A5BF000006203E8;
					};
				};
			};
			buildConfigurationList = 8D3DDBED1A5BF000006203E8 /* Build configuration list for PBXProject "YuMeZISTestApp" */;
			compatibilityVersion = "Xcode 3.2";
			developmentRegion = English;
			hasScannedForEncodings = 0;
			knownRegions = (
				en,
				Base,
			);
			mainGroup = 8D3DDBE91A5BF000006203E8;
			productRefGroup = 8D3DDBF31A5BF000006203E8 /* Products */;
			projectDirPath = "";
			projectRoot = "";
			targets = (
				8D3DDBF11A5BF000006203E8 /* YuMeZISTestApp */,
				8E8006B11B304A7000221BDB /* YuMeZISTests */,
			);
		};
/* End PBXProject section */

/* Begin PBXResourcesBuildPhase section */
		8D3DDBF01A5BF000006203E8 /* Resources */ = {
			isa = PBXResourcesBuildPhase;
			buildActionMask = 2147483647;
			files = (
				8D50B0DD1A5CF9C5006BCA88 /* InfoPlist.strings in Resources */,
				8D50B0DB1A5CF997006BCA88 /* Main_iPad.storyboard in Resources */,
				8D50B0DC1A5CF997006BCA88 /* Main_iPhone.storyboard in Resources */,
				8D3DDC621A5BF8BC006203E8 /* one.m4v in Resources */,
				8D3DDC641A5BF8BC006203E8 /* yume_logo.png in Resources */,
				8D3DDC611A5BF8BC006203E8 /* info.png in Resources */,
				8D3DDC5F1A5BF8BC006203E8 /* icon_57x57.png in Resources */,
				8D3DDC601A5BF8BC006203E8 /* icon.png in Resources */,
				8D3DDC5D1A5BF8BC006203E8 /* Default.png in Resources */,
				8D3DDC631A5BF8BC006203E8 /* two.m4v in Resources */,
				8D3DDC5C1A5BF8BC006203E8 /* Default-568h@2x.png in Resources */,
				8D3DDC5E1A5BF8BC006203E8 /* Default@2x.png in Resources */,
				8D3DDC081A5BF000006203E8 /* Images.xcassets in Resources */,
			);
			runOnlyForDeploymentPostprocessing = 0;
		};
		8E8006B01B304A7000221BDB /* Resources */ = {
			isa = PBXResourcesBuildPhase;
			buildActionMask = 2147483647;
			files = (
				8E8006C31B304AD100221BDB /* xctestify.sh in Resources */,
				8E8006C21B304AD100221BDB /* XCTAsyncTestCase.podspec in Resources */,
			);
			runOnlyForDeploymentPostprocessing = 0;
		};
/* End PBXResourcesBuildPhase section */

/* Begin PBXSourcesBuildPhase section */
		8D3DDBEE1A5BF000006203E8 /* Sources */ = {
			isa = PBXSourcesBuildPhase;
			buildActionMask = 2147483647;
			files = (
				8D3DDC481A5BF7EA006203E8 /* YuMeVideoView.m in Sources */,
				8D3DDC451A5BF7EA006203E8 /* YuMeSettingsViewController.m in Sources */,
				8D3DDC441A5BF7EA006203E8 /* YuMeMPlayerController.m in Sources */,
				8D3DDC3E1A5BF7EA006203E8 /* YuMeAboutViewController.m in Sources */,
				8D3DDC021A5BF000006203E8 /* main.m in Sources */,
				8D3DDC471A5BF7EA006203E8 /* YuMeToast.m in Sources */,
				8D3DDC411A5BF7EA006203E8 /* YuMeAppUtils.m in Sources */,
				8D92AAB11A9E09F900A58E28 /* YuMePresentedViewController.m in Sources */,
				8D3DDC431A5BF7EA006203E8 /* YuMeLogViewController.m in Sources */,
				8D3DDC401A5BF7EA006203E8 /* YuMeAppSettings.m in Sources */,
				8D3DDC461A5BF7EA006203E8 /* YuMeSizeViewController.m in Sources */,
				8D3DDC3F1A5BF7EA006203E8 /* YuMeAppDelegate.m in Sources */,
				8D3DDC421A5BF7EA006203E8 /* YuMeInterface.m in Sources */,
				8D3DDC491A5BF7EA006203E8 /* YuMeViewController.m in Sources */,
			);
			runOnlyForDeploymentPostprocessing = 0;
		};
		8E8006AE1B304A7000221BDB /* Sources */ = {
			isa = PBXSourcesBuildPhase;
			buildActionMask = 2147483647;
			files = (
				A8747AB51BE0E8C6009C75EC /* FeatureTests.m in Sources */,
				A8747AB61BE0E8C6009C75EC /* Init.m in Sources */,
				A8747AB71BE0E8C6009C75EC /* DeInit.m in Sources */,
				A8747AB81BE0E8C6009C75EC /* GetParams.m in Sources */,
				A8747AB91BE0E8C6009C75EC /* ModParams.m in Sources */,
				A8747ABA1BE0E8C6009C75EC /* ShowAdStreaming.m in Sources */,
				A8747ABB1BE0E8C6009C75EC /* StopAd.m in Sources */,
				A8747ABC1BE0E8C6009C75EC /* ClearCookies.m in Sources */,
				A8747ABD1BE0E8C6009C75EC /* SetCBT.m in Sources */,
				A8747ABE1BE0E8C6009C75EC /* HandleEvent.m in Sources */,
				A8747ABF1BE0E8C6009C75EC /* IsAdAvailability.m in Sources */,
				A8747AC01BE0E8C6009C75EC /* InitAd.m in Sources */,
				A8747AC11BE0E8C6009C75EC /* ShowAd.m in Sources */,
				A8747AC21BE0E8C6009C75EC /* SetCacheEnabled.m in Sources */,
				A8747AC31BE0E8C6009C75EC /* IsCacheEnabled.m in Sources */,
				A8747AC41BE0E8C6009C75EC /* IsAutoPFEnabled.m in Sources */,
				A8747AC51BE0E8C6009C75EC /* ClearCache.m in Sources */,
				A8747AC61BE0E8C6009C75EC /* PauseDownload.m in Sources */,
				A8747AC71BE0E8C6009C75EC /* ResumeDownload.m in Sources */,
				A8747AC81BE0E8C6009C75EC /* AbortDownload.m in Sources */,
				A8747AC91BE0E8C6009C75EC /* GetDownloadStatus.m in Sources */,
				A8747ACA1BE0E8C6009C75EC /* GetDownloadPercentage.m in Sources */,
				A8747ACB1BE0E8C6009C75EC /* GetVersion.m in Sources */,
				A8747ACC1BE0E8C6009C75EC /* SetLogLevel.m in Sources */,
				A8747ACD1BE0E8C6009C75EC /* GeneralCases.m in Sources */,
				A8747ACE1BE0E8C6009C75EC /* YuMeUnitTestUtils.m in Sources */,
				A8747ACF1BE0E8C6009C75EC /* XCTAsyncTestCase.m in Sources */,
			);
			runOnlyForDeploymentPostprocessing = 0;
		};
/* End PBXSourcesBuildPhase section */

/* Begin PBXTargetDependency section */
		8E8006B91B304A7000221BDB /* PBXTargetDependency */ = {
			isa = PBXTargetDependency;
			target = 8D3DDBF11A5BF000006203E8 /* YuMeZISTestApp */;
			targetProxy = 8E8006B81B304A7000221BDB /* PBXContainerItemProxy */;
		};
/* End PBXTargetDependency section */

/* Begin PBXVariantGroup section */
		8D3DDBFE1A5BF000006203E8 /* InfoPlist.strings */ = {
			isa = PBXVariantGroup;
			children = (
				8D3DDBFF1A5BF000006203E8 /* en */,
			);
			name = InfoPlist.strings;
			sourceTree = "<group>";
		};
		8D50B0D51A5CF86C006BCA88 /* Main_iPad.storyboard */ = {
			isa = PBXVariantGroup;
			children = (
				8D50B0D61A5CF86C006BCA88 /* en */,
			);
			name = Main_iPad.storyboard;
			sourceTree = "<group>";
		};
		8D50B0D71A5CF86C006BCA88 /* Main_iPhone.storyboard */ = {
			isa = PBXVariantGroup;
			children = (
				8D50B0D81A5CF86C006BCA88 /* en */,
			);
			name = Main_iPhone.storyboard;
			sourceTree = "<group>";
		};
/* End PBXVariantGroup section */

/* Begin XCBuildConfiguration section */
		8D3DDC1C1A5BF000006203E8 /* Debug */ = {
			isa = XCBuildConfiguration;
			buildSettings = {
				ALWAYS_SEARCH_USER_PATHS = NO;
				CLANG_CXX_LANGUAGE_STANDARD = "gnu++0x";
				CLANG_CXX_LIBRARY = "libc++";
				CLANG_ENABLE_MODULES = YES;
				CLANG_ENABLE_OBJC_ARC = YES;
				CLANG_WARN_BOOL_CONVERSION = YES;
				CLANG_WARN_CONSTANT_CONVERSION = YES;
				CLANG_WARN_DIRECT_OBJC_ISA_USAGE = YES_ERROR;
				CLANG_WARN_EMPTY_BODY = YES;
				CLANG_WARN_ENUM_CONVERSION = YES;
				CLANG_WARN_INT_CONVERSION = YES;
				CLANG_WARN_OBJC_ROOT_CLASS = YES_ERROR;
				CLANG_WARN__DUPLICATE_METHOD_MATCH = YES;
				"CODE_SIGN_IDENTITY[sdk=iphoneos*]" = "iPhone Developer";
				COPY_PHASE_STRIP = NO;
				ENABLE_TESTABILITY = YES;
				GCC_C_LANGUAGE_STANDARD = gnu99;
				GCC_DYNAMIC_NO_PIC = NO;
				GCC_OPTIMIZATION_LEVEL = 0;
				GCC_PREPROCESSOR_DEFINITIONS = (
					"DEBUG=1",
					"$(inherited)",
				);
				GCC_SYMBOLS_PRIVATE_EXTERN = NO;
				GCC_WARN_64_TO_32_BIT_CONVERSION = YES;
				GCC_WARN_ABOUT_RETURN_TYPE = YES_ERROR;
				GCC_WARN_UNDECLARED_SELECTOR = YES;
				GCC_WARN_UNINITIALIZED_AUTOS = YES_AGGRESSIVE;
				GCC_WARN_UNUSED_FUNCTION = YES;
				GCC_WARN_UNUSED_VARIABLE = YES;
				IPHONEOS_DEPLOYMENT_TARGET = 6.0;
				ONLY_ACTIVE_ARCH = YES;
				SDKROOT = iphoneos;
				TARGETED_DEVICE_FAMILY = "1,2";
			};
			name = Debug;
		};
		8D3DDC1D1A5BF000006203E8 /* Release */ = {
			isa = XCBuildConfiguration;
			buildSettings = {
				ALWAYS_SEARCH_USER_PATHS = NO;
				CLANG_CXX_LANGUAGE_STANDARD = "gnu++0x";
				CLANG_CXX_LIBRARY = "libc++";
				CLANG_ENABLE_MODULES = YES;
				CLANG_ENABLE_OBJC_ARC = YES;
				CLANG_WARN_BOOL_CONVERSION = YES;
				CLANG_WARN_CONSTANT_CONVERSION = YES;
				CLANG_WARN_DIRECT_OBJC_ISA_USAGE = YES_ERROR;
				CLANG_WARN_EMPTY_BODY = YES;
				CLANG_WARN_ENUM_CONVERSION = YES;
				CLANG_WARN_INT_CONVERSION = YES;
				CLANG_WARN_OBJC_ROOT_CLASS = YES_ERROR;
				CLANG_WARN__DUPLICATE_METHOD_MATCH = YES;
				"CODE_SIGN_IDENTITY[sdk=iphoneos*]" = "iPhone Developer";
				COPY_PHASE_STRIP = YES;
				ENABLE_NS_ASSERTIONS = NO;
				GCC_C_LANGUAGE_STANDARD = gnu99;
				GCC_WARN_64_TO_32_BIT_CONVERSION = YES;
				GCC_WARN_ABOUT_RETURN_TYPE = YES_ERROR;
				GCC_WARN_UNDECLARED_SELECTOR = YES;
				GCC_WARN_UNINITIALIZED_AUTOS = YES_AGGRESSIVE;
				GCC_WARN_UNUSED_FUNCTION = YES;
				GCC_WARN_UNUSED_VARIABLE = YES;
				IPHONEOS_DEPLOYMENT_TARGET = 6.0;
				SDKROOT = iphoneos;
				TARGETED_DEVICE_FAMILY = "1,2";
				VALIDATE_PRODUCT = YES;
			};
			name = Release;
		};
		8D3DDC1F1A5BF000006203E8 /* Debug */ = {
			isa = XCBuildConfiguration;
			buildSettings = {
				ASSETCATALOG_COMPILER_APPICON_NAME = AppIcon;
				ASSETCATALOG_COMPILER_LAUNCHIMAGE_NAME = LaunchImage;
				CODE_SIGN_IDENTITY = "iPhone Developer: Ravi Kodali (567R54LS73)";
				"CODE_SIGN_IDENTITY[sdk=iphoneos*]" = "iPhone Developer: Ravi Kodali (567R54LS73)";
				GCC_PRECOMPILE_PREFIX_HEADER = YES;
				GCC_PREFIX_HEADER = "YuMeZISTestApp/YuMeZISTestApp-Prefix.pch";
				INFOPLIST_FILE = "YuMeZISTestApp/YuMeZISTestApp-Info.plist";
				IPHONEOS_DEPLOYMENT_TARGET = 6.0;
				LIBRARY_SEARCH_PATHS = "$(SRCROOT)/libYuMeSDK";
				OTHER_LDFLAGS = "-ObjC";
				PRODUCT_BUNDLE_IDENTIFIER = "com.yume.sdk.${PRODUCT_NAME:rfc1034identifier}";
				PRODUCT_NAME = "$(TARGET_NAME)";
				PROVISIONING_PROFILE = "fe98dfd6-321a-49a9-a27f-9243d9459b74";
				USER_HEADER_SEARCH_PATHS = "$(SRCROOT)/libYuMeSDK";
				WRAPPER_EXTENSION = app;
			};
			name = Debug;
		};
		8D3DDC201A5BF000006203E8 /* Release */ = {
			isa = XCBuildConfiguration;
			buildSettings = {
				ASSETCATALOG_COMPILER_APPICON_NAME = AppIcon;
				ASSETCATALOG_COMPILER_LAUNCHIMAGE_NAME = LaunchImage;
				CODE_SIGN_IDENTITY = "iPhone Developer: Ravi Kodali (567R54LS73)";
				"CODE_SIGN_IDENTITY[sdk=iphoneos*]" = "iPhone Developer: Ravi Kodali (567R54LS73)";
				GCC_PRECOMPILE_PREFIX_HEADER = YES;
				GCC_PREFIX_HEADER = "YuMeZISTestApp/YuMeZISTestApp-Prefix.pch";
				INFOPLIST_FILE = "YuMeZISTestApp/YuMeZISTestApp-Info.plist";
				IPHONEOS_DEPLOYMENT_TARGET = 6.0;
				LIBRARY_SEARCH_PATHS = "$(SRCROOT)/libYuMeSDK";
				OTHER_CFLAGS = (
					"-Qunused-arguments",
					"-fembed-bitcode",
				);
				OTHER_LDFLAGS = "-ObjC";
				PRODUCT_BUNDLE_IDENTIFIER = "com.yume.sdk.${PRODUCT_NAME:rfc1034identifier}";
				PRODUCT_NAME = "$(TARGET_NAME)";
				PROVISIONING_PROFILE = "fe98dfd6-321a-49a9-a27f-9243d9459b74";
				USER_HEADER_SEARCH_PATHS = "$(SRCROOT)/libYuMeSDK";
				WRAPPER_EXTENSION = app;
			};
			name = Release;
		};
		8E8006BA1B304A7000221BDB /* Debug */ = {
			isa = XCBuildConfiguration;
			buildSettings = {
				BUNDLE_LOADER = "$(TEST_HOST)";
				CLANG_WARN_UNREACHABLE_CODE = YES;
				CODE_SIGN_IDENTITY = "iPhone Developer: Ravi Kodali (567R54LS73)";
				DEBUG_INFORMATION_FORMAT = "dwarf-with-dsym";
				ENABLE_BITCODE = YES;
				ENABLE_STRICT_OBJC_MSGSEND = YES;
				FRAMEWORK_SEARCH_PATHS = (
					"$(SDKROOT)/Developer/Library/Frameworks",
					"$(inherited)",
				);
				GCC_NO_COMMON_BLOCKS = YES;
				GCC_PREPROCESSOR_DEFINITIONS = (
					"DEBUG=1",
					"$(inherited)",
				);
				INFOPLIST_FILE = YuMeZISTests/Info.plist;
				IPHONEOS_DEPLOYMENT_TARGET = 8.3;
				LD_RUNPATH_SEARCH_PATHS = "$(inherited) @executable_path/Frameworks @loader_path/Frameworks";
				LIBRARY_SEARCH_PATHS = (
					"$(inherited)",
					"$(PROJECT_DIR)/libYuMeSDK",
				);
				MTL_ENABLE_DEBUG_INFO = YES;
				OTHER_CFLAGS = "";
				OTHER_LDFLAGS = (
					"$(inherited)",
					"-framework",
					XCTest,
				);
				PRODUCT_BUNDLE_IDENTIFIER = "com.yume.$(PRODUCT_NAME:rfc1034identifier)";
				PRODUCT_NAME = "$(TARGET_NAME)";
				PROVISIONING_PROFILE = "fe98dfd6-321a-49a9-a27f-9243d9459b74";
				TEST_HOST = "$(BUILT_PRODUCTS_DIR)/YuMeZISTestApp.app/YuMeZISTestApp";
			};
			name = Debug;
		};
		8E8006BB1B304A7000221BDB /* Release */ = {
			isa = XCBuildConfiguration;
			buildSettings = {
				BUNDLE_LOADER = "$(TEST_HOST)";
				CLANG_WARN_UNREACHABLE_CODE = YES;
				CODE_SIGN_IDENTITY = "iPhone Developer: Ravi Kodali (567R54LS73)";
				COPY_PHASE_STRIP = NO;
				DEBUG_INFORMATION_FORMAT = "dwarf-with-dsym";
				ENABLE_BITCODE = YES;
				ENABLE_STRICT_OBJC_MSGSEND = YES;
				FRAMEWORK_SEARCH_PATHS = (
					"$(SDKROOT)/Developer/Library/Frameworks",
					"$(inherited)",
				);
				GCC_NO_COMMON_BLOCKS = YES;
				INFOPLIST_FILE = YuMeZISTests/Info.plist;
				IPHONEOS_DEPLOYMENT_TARGET = 8.3;
				LD_RUNPATH_SEARCH_PATHS = "$(inherited) @executable_path/Frameworks @loader_path/Frameworks";
				LIBRARY_SEARCH_PATHS = (
					"$(inherited)",
					"$(PROJECT_DIR)/libYuMeSDK",
				);
				MTL_ENABLE_DEBUG_INFO = NO;
				OTHER_CFLAGS = "";
				OTHER_LDFLAGS = (
					"$(inherited)",
					"-framework",
					XCTest,
				);
				PRODUCT_BUNDLE_IDENTIFIER = "com.yume.$(PRODUCT_NAME:rfc1034identifier)";
				PRODUCT_NAME = "$(TARGET_NAME)";
				PROVISIONING_PROFILE = "fe98dfd6-321a-49a9-a27f-9243d9459b74";
				TEST_HOST = "$(BUILT_PRODUCTS_DIR)/YuMeZISTestApp.app/YuMeZISTestApp";
			};
			name = Release;
		};
/* End XCBuildConfiguration section */

/* Begin XCConfigurationList section */
		8D3DDBED1A5BF000006203E8 /* Build configuration list for PBXProject "YuMeZISTestApp" */ = {
			isa = XCConfigurationList;
			buildConfigurations = (
				8D3DDC1C1A5BF000006203E8 /* Debug */,
				8D3DDC1D1A5BF000006203E8 /* Release */,
			);
			defaultConfigurationIsVisible = 0;
			defaultConfigurationName = Release;
		};
		8D3DDC1E1A5BF000006203E8 /* Build configuration list for PBXNativeTarget "YuMeZISTestApp" */ = {
			isa = XCConfigurationList;
			buildConfigurations = (
				8D3DDC1F1A5BF000006203E8 /* Debug */,
				8D3DDC201A5BF000006203E8 /* Release */,
			);
			defaultConfigurationIsVisible = 0;
			defaultConfigurationName = Release;
		};
		8E8006BC1B304A7000221BDB /* Build configuration list for PBXNativeTarget "YuMeZISTests" */ = {
			isa = XCConfigurationList;
			buildConfigurations = (
				8E8006BA1B304A7000221BDB /* Debug */,
				8E8006BB1B304A7000221BDB /* Release */,
			);
			defaultConfigurationIsVisible = 0;
			defaultConfigurationName = Release;
		};
/* End XCConfigurationList section */
	};
	rootObject = 8D3DDBEA1A5BF000006203E8 /* Project object */;
}
