<?xml version="1.0" encoding="UTF-8"?>
<Scheme
   LastUpgradeVersion = "0700"
   version = "1.8">
   <BuildAction
      parallelizeBuildables = "YES"
      buildImplicitDependencies = "YES">
      <BuildActionEntries>
         <BuildActionEntry
            buildForTesting = "YES"
            buildForRunning = "YES"
            buildForProfiling = "YES"
            buildForArchiving = "YES"
            buildForAnalyzing = "YES">
            <BuildableReference
               BuildableIdentifier = "primary"
               BlueprintIdentifier = "8E8006B11B304A7000221BDB"
               BuildableName = "YuMeZISTests.xctest"
               BlueprintName = "YuMeZISTests"
               ReferencedContainer = "container:YuMeZISTestApp.xcodeproj">
            </BuildableReference>
         </BuildActionEntry>
      </BuildActionEntries>
   </BuildAction>
   <TestAction
      selectedDebuggerIdentifier = "Xcode.DebuggerFoundation.Debugger.LLDB"
      selectedLauncherIdentifier = "Xcode.DebuggerFoundation.Launcher.LLDB"
      shouldUseLaunchSchemeArgsEnv = "YES"
      buildConfiguration = "Debug">
      <Testables>
         <TestableReference
            skipped = "NO">
            <BuildableReference
               BuildableIdentifier = "primary"
               BlueprintIdentifier = "8E8006B11B304A7000221BDB"
               BuildableName = "YuMeZISTests.xctest"
               BlueprintName = "YuMeZISTests"
               ReferencedContainer = "container:YuMeZISTestApp.xcodeproj">
            </BuildableReference>
            <SkippedTests>
               <Test
                  Identifier = "Init">
               </Test>
               <Test
                  Identifier = "ShowAd/test_SHOW_AD_001">
               </Test>
               <Test
                  Identifier = "ShowAd/test_SHOW_AD_002">
               </Test>
               <Test
                  Identifier = "ShowAd/test_SHOW_AD_003">
               </Test>
               <Test
                  Identifier = "ShowAd/test_SHOW_AD_004">
               </Test>
               <Test
                  Identifier = "ShowAd/test_SHOW_AD_005">
               </Test>
               <Test
                  Identifier = "ShowAd/test_SHOW_AD_006">
               </Test>
               <Test
                  Identifier = "ShowAd/test_SHOW_AD_010">
               </Test>
               <Test
                  Identifier = "ShowAd/test_SHOW_AD_011">
               </Test>
               <Test
                  Identifier = "ShowAd/test_SHOW_AD_012">
               </Test>
               <Test
                  Identifier = "ShowAd/test_SHOW_AD_013">
               </Test>
               <Test
                  Identifier = "ShowAd/test_SHOW_AD_014">
               </Test>
               <Test
                  Identifier = "ShowAd/test_SHOW_AD_015">
               </Test>
               <Test
                  Identifier = "ShowAd/test_SHOW_AD_016">
               </Test>
               <Test
                  Identifier = "ShowAd/test_SHOW_AD_017">
               </Test>
               <Test
                  Identifier = "ShowAd/test_SHOW_AD_018">
               </Test>
               <Test
                  Identifier = "ShowAd/test_SHOW_AD_019">
               </Test>
               <Test
                  Identifier = "ShowAd/test_SHOW_AD_020">
               </Test>
               <Test
                  Identifier = "ShowAd/test_SHOW_AD_021">
               </Test>
               <Test
                  Identifier = "ShowAd/test_SHOW_AD_022">
               </Test>
               <Test
                  Identifier = "XCTAsyncTestCase">
               </Test>
            </SkippedTests>
         </TestableReference>
      </Testables>
      <MacroExpansion>
         <BuildableReference
            BuildableIdentifier = "primary"
            BlueprintIdentifier = "8E8006B11B304A7000221BDB"
            BuildableName = "YuMeZISTests.xctest"
            BlueprintName = "YuMeZISTests"
            ReferencedContainer = "container:YuMeZISTestApp.xcodeproj">
         </BuildableReference>
      </MacroExpansion>
      <AdditionalOptions>
      </AdditionalOptions>
   </TestAction>
   <LaunchAction
      selectedDebuggerIdentifier = "Xcode.DebuggerFoundation.Debugger.LLDB"
      selectedLauncherIdentifier = "Xcode.DebuggerFoundation.Launcher.LLDB"
      launchStyle = "0"
      useCustomWorkingDirectory = "NO"
      buildConfiguration = "Debug"
      ignoresPersistentStateOnLaunch = "NO"
      debugDocumentVersioning = "YES"
      debugServiceExtension = "internal"
      allowLocationSimulation = "YES">
      <MacroExpansion>
         <BuildableReference
            BuildableIdentifier = "primary"
            BlueprintIdentifier = "8E8006B11B304A7000221BDB"
            BuildableName = "YuMeZISTests.xctest"
            BlueprintName = "YuMeZISTests"
            ReferencedContainer = "container:YuMeZISTestApp.xcodeproj">
         </BuildableReference>
      </MacroExpansion>
      <AdditionalOptions>
         <AdditionalOption
            key = "NSZombieEnabled"
            value = "YES"
            isEnabled = "YES">
         </AdditionalOption>
      </AdditionalOptions>
   </LaunchAction>
   <ProfileAction
      shouldUseLaunchSchemeArgsEnv = "YES"
      savedToolIdentifier = ""
      useCustomWorkingDirectory = "NO"
      buildConfiguration = "Release"
      debugDocumentVersioning = "YES">
      <MacroExpansion>
         <BuildableReference
            BuildableIdentifier = "primary"
            BlueprintIdentifier = "8E8006B11B304A7000221BDB"
            BuildableName = "YuMeZISTests.xctest"
            BlueprintName = "YuMeZISTests"
            ReferencedContainer = "container:YuMeZISTestApp.xcodeproj">
         </BuildableReference>
      </MacroExpansion>
   </ProfileAction>
   <AnalyzeAction
      buildConfiguration = "Debug">
   </AnalyzeAction>
   <ArchiveAction
      buildConfiguration = "Release"
      revealArchiveInOrganizer = "YES">
   </ArchiveAction>
</Scheme>
